// !$*UTF8*$!
{
	archiveVersion = 1;
	classes = {
	};
	objectVersion = 48;
	objects = {

/* Begin PBXBuildFile section */
		F70F91ED1F4E4C1900D585A9 /* librender.a in Frameworks */ = {isa = PBXBuildFile; fileRef = F7BC88BF1F4A495000968D42 /* librender.a */; };
		F70F91F01F4E5F1500D585A9 /* Camera.cpp in Sources */ = {isa = PBXBuildFile; fileRef = F70F91EE1F4E5F1500D585A9 /* Camera.cpp */; };
		F70F91F11F4E5F1500D585A9 /* Camera.h in Headers */ = {isa = PBXBuildFile; fileRef = F70F91EF1F4E5F1500D585A9 /* Camera.h */; settings = {ATTRIBUTES = (Public, ); }; };
		F70F91F41F4F085000D585A9 /* Utils.cpp in Sources */ = {isa = PBXBuildFile; fileRef = F70F91F21F4F085000D585A9 /* Utils.cpp */; };
		F70F91F51F4F085000D585A9 /* Utils.h in Headers */ = {isa = PBXBuildFile; fileRef = F70F91F31F4F085000D585A9 /* Utils.h */; settings = {ATTRIBUTES = (Public, ); }; };
		F71873B11F68A56600D4BD02 /* libtbb.dylib in Frameworks */ = {isa = PBXBuildFile; fileRef = F7E95A491F4FD65A00B962C0 /* libtbb.dylib */; };
		F71873B41F69D48600D4BD02 /* Translate.h in Headers */ = {isa = PBXBuildFile; fileRef = F71873B21F69D48600D4BD02 /* Translate.h */; settings = {ATTRIBUTES = (Public, ); }; };
		F71873B51F69D48600D4BD02 /* Translate.cpp in Sources */ = {isa = PBXBuildFile; fileRef = F71873B31F69D48600D4BD02 /* Translate.cpp */; };
		F71873CF1F69EB9300D4BD02 /* Scale.h in Headers */ = {isa = PBXBuildFile; fileRef = F71873CD1F69EB9300D4BD02 /* Scale.h */; };
		F71873D01F69EB9300D4BD02 /* Scale.cpp in Sources */ = {isa = PBXBuildFile; fileRef = F71873CE1F69EB9300D4BD02 /* Scale.cpp */; };
		F71873D31F69F76400D4BD02 /* ConstantMedium.h in Headers */ = {isa = PBXBuildFile; fileRef = F71873D11F69F76400D4BD02 /* ConstantMedium.h */; settings = {ATTRIBUTES = (Public, ); }; };
		F71873D41F69F76400D4BD02 /* ConstantMedium.cpp in Sources */ = {isa = PBXBuildFile; fileRef = F71873D21F69F76400D4BD02 /* ConstantMedium.cpp */; };
		F71873D71F6A04EE00D4BD02 /* Isotropic.h in Headers */ = {isa = PBXBuildFile; fileRef = F71873D51F6A04EE00D4BD02 /* Isotropic.h */; };
		F71873D81F6A04EE00D4BD02 /* Isotropic.cpp in Sources */ = {isa = PBXBuildFile; fileRef = F71873D61F6A04EE00D4BD02 /* Isotropic.cpp */; };
		F71873DB1F6A0EEC00D4BD02 /* CornellSmokeScene.h in Headers */ = {isa = PBXBuildFile; fileRef = F71873D91F6A0EEC00D4BD02 /* CornellSmokeScene.h */; settings = {ATTRIBUTES = (Public, ); }; };
		F71873DC1F6A0EEC00D4BD02 /* CornellSmokeScene.cpp in Sources */ = {isa = PBXBuildFile; fileRef = F71873DA1F6A0EEC00D4BD02 /* CornellSmokeScene.cpp */; };
		F71B88B51F43379000D4F3A4 /* main.cpp in Sources */ = {isa = PBXBuildFile; fileRef = F71B88B41F43379000D4F3A4 /* main.cpp */; };
		F71B88D31F4489A800D4F3A4 /* Vec3.h in Headers */ = {isa = PBXBuildFile; fileRef = F71B88CA1F44883400D4F3A4 /* Vec3.h */; settings = {ATTRIBUTES = (Public, ); }; };
		F754BC671F50FADF00A75D49 /* AABB.h in Headers */ = {isa = PBXBuildFile; fileRef = F754BC651F50FADF00A75D49 /* AABB.h */; settings = {ATTRIBUTES = (Public, ); }; };
		F754BC681F50FADF00A75D49 /* AABB.cpp in Sources */ = {isa = PBXBuildFile; fileRef = F754BC661F50FADF00A75D49 /* AABB.cpp */; };
		F754BC6C1F5100E100A75D49 /* Texture.h in Headers */ = {isa = PBXBuildFile; fileRef = F754BC6A1F5100E100A75D49 /* Texture.h */; settings = {ATTRIBUTES = (Public, ); }; };
		F754BC701F5101DE00A75D49 /* ConstantTexture.h in Headers */ = {isa = PBXBuildFile; fileRef = F754BC6E1F5101DE00A75D49 /* ConstantTexture.h */; settings = {ATTRIBUTES = (Public, ); }; };
		F754BC711F5101DE00A75D49 /* ConstantTexture.cpp in Sources */ = {isa = PBXBuildFile; fileRef = F754BC6F1F5101DE00A75D49 /* ConstantTexture.cpp */; };
		F754BC741F5103E800A75D49 /* CheckerTexture3D.h in Headers */ = {isa = PBXBuildFile; fileRef = F754BC721F5103E700A75D49 /* CheckerTexture3D.h */; settings = {ATTRIBUTES = (Public, ); }; };
		F754BC751F5103E800A75D49 /* CheckerTexture3D.cpp in Sources */ = {isa = PBXBuildFile; fileRef = F754BC731F5103E700A75D49 /* CheckerTexture3D.cpp */; };
		F754BC7A1F511C6200A75D49 /* ImageTexture.cpp in Sources */ = {isa = PBXBuildFile; fileRef = F754BC761F511C6200A75D49 /* ImageTexture.cpp */; };
		F754BC7B1F511C6200A75D49 /* PerlinTexture.h in Headers */ = {isa = PBXBuildFile; fileRef = F754BC771F511C6200A75D49 /* PerlinTexture.h */; };
		F754BC7C1F511C6200A75D49 /* ImageTexture.h in Headers */ = {isa = PBXBuildFile; fileRef = F754BC781F511C6200A75D49 /* ImageTexture.h */; settings = {ATTRIBUTES = (Public, ); }; };
		F754BC7D1F511C6200A75D49 /* PerlinTexture.cpp in Sources */ = {isa = PBXBuildFile; fileRef = F754BC791F511C6200A75D49 /* PerlinTexture.cpp */; };
		F754BC801F511D1500A75D49 /* Perlin.h in Headers */ = {isa = PBXBuildFile; fileRef = F754BC7E1F511D1500A75D49 /* Perlin.h */; };
		F754BC811F511D1500A75D49 /* Perlin.cpp in Sources */ = {isa = PBXBuildFile; fileRef = F754BC7F1F511D1500A75D49 /* Perlin.cpp */; };
		F754BC831F511FD500A75D49 /* stb_image.h in Headers */ = {isa = PBXBuildFile; fileRef = F754BC821F511FD500A75D49 /* stb_image.h */; };
		F77CB8BB1F54EC1E00ACDD2A /* BookOneWithLightScene.cpp in Sources */ = {isa = PBXBuildFile; fileRef = F77CB8B91F54EBD300ACDD2A /* BookOneWithLightScene.cpp */; };
		F77CB8BC1F54EC2200ACDD2A /* BookOneWithLightScene.h in Headers */ = {isa = PBXBuildFile; fileRef = F77CB8B81F54EBD300ACDD2A /* BookOneWithLightScene.h */; settings = {ATTRIBUTES = (Public, ); }; };
		F79DA94E1F6AC72400342789 /* BookTwoScene.h in Headers */ = {isa = PBXBuildFile; fileRef = F79DA94C1F6AC72400342789 /* BookTwoScene.h */; settings = {ATTRIBUTES = (Public, ); }; };
		F79DA94F1F6AC72400342789 /* BookTwoScene.cpp in Sources */ = {isa = PBXBuildFile; fileRef = F79DA94D1F6AC72400342789 /* BookTwoScene.cpp */; };
		F7B0688A1F5799880083C127 /* Renderable.h in Headers */ = {isa = PBXBuildFile; fileRef = F7B068881F5799880083C127 /* Renderable.h */; settings = {ATTRIBUTES = (Public, ); }; };
		F7B0688B1F5799880083C127 /* Renderable.cpp in Sources */ = {isa = PBXBuildFile; fileRef = F7B068891F5799880083C127 /* Renderable.cpp */; };
		F7B7EF431F60CEDF005BC65A /* Rectangle.h in Headers */ = {isa = PBXBuildFile; fileRef = F7B7EF411F60CEDF005BC65A /* Rectangle.h */; settings = {ATTRIBUTES = (Public, ); }; };
		F7B7EF441F60CEDF005BC65A /* Rectangle.cpp in Sources */ = {isa = PBXBuildFile; fileRef = F7B7EF421F60CEDF005BC65A /* Rectangle.cpp */; };
		F7B7EF471F60CFE7005BC65A /* RectLightScene.h in Headers */ = {isa = PBXBuildFile; fileRef = F7B7EF451F60CFE7005BC65A /* RectLightScene.h */; settings = {ATTRIBUTES = (Public, ); }; };
		F7B7EF481F60CFE7005BC65A /* RectLightScene.cpp in Sources */ = {isa = PBXBuildFile; fileRef = F7B7EF461F60CFE7005BC65A /* RectLightScene.cpp */; };
		F7B7EF521F621D42005BC65A /* libembree.dylib in Frameworks */ = {isa = PBXBuildFile; fileRef = F7B7EF511F621D42005BC65A /* libembree.dylib */; };
		F7B7EF531F621D58005BC65A /* libembree.dylib in Frameworks */ = {isa = PBXBuildFile; fileRef = F7B7EF511F621D42005BC65A /* libembree.dylib */; };
		F7B7EF561F6220E6005BC65A /* CornellBoxScene.h in Headers */ = {isa = PBXBuildFile; fileRef = F7B7EF541F6220E6005BC65A /* CornellBoxScene.h */; settings = {ATTRIBUTES = (Public, ); }; };
		F7B7EF571F6220E6005BC65A /* CornellBoxScene.cpp in Sources */ = {isa = PBXBuildFile; fileRef = F7B7EF551F6220E6005BC65A /* CornellBoxScene.cpp */; };
		F7B7EF5A1F62D821005BC65A /* FlipNormals.h in Headers */ = {isa = PBXBuildFile; fileRef = F7B7EF581F62D821005BC65A /* FlipNormals.h */; settings = {ATTRIBUTES = (Public, ); }; };
		F7B7EF5B1F62D821005BC65A /* FlipNormals.cpp in Sources */ = {isa = PBXBuildFile; fileRef = F7B7EF591F62D821005BC65A /* FlipNormals.cpp */; };
		F7B7EF5E1F62E19F005BC65A /* Transform.h in Headers */ = {isa = PBXBuildFile; fileRef = F7B7EF5C1F62E19F005BC65A /* Transform.h */; settings = {ATTRIBUTES = (Public, ); }; };
		F7B7EF5F1F62E19F005BC65A /* Transform.cpp in Sources */ = {isa = PBXBuildFile; fileRef = F7B7EF5D1F62E19F005BC65A /* Transform.cpp */; };
		F7B7EF621F62F94E005BC65A /* Box.h in Headers */ = {isa = PBXBuildFile; fileRef = F7B7EF601F62F94E005BC65A /* Box.h */; settings = {ATTRIBUTES = (Public, ); }; };
		F7B7EF631F62F94E005BC65A /* Box.cpp in Sources */ = {isa = PBXBuildFile; fileRef = F7B7EF611F62F94E005BC65A /* Box.cpp */; };
		F7B7EF661F62FC1F005BC65A /* Rotate.h in Headers */ = {isa = PBXBuildFile; fileRef = F7B7EF641F62FC1F005BC65A /* Rotate.h */; settings = {ATTRIBUTES = (Public, ); }; };
		F7B7EF671F62FC1F005BC65A /* Rotate.cpp in Sources */ = {isa = PBXBuildFile; fileRef = F7B7EF651F62FC1F005BC65A /* Rotate.cpp */; };
		F7BC88C61F4A49BA00968D42 /* Image.cpp in Sources */ = {isa = PBXBuildFile; fileRef = F7BC88C41F4A49BA00968D42 /* Image.cpp */; };
		F7BC88C71F4A49BA00968D42 /* Image.h in Headers */ = {isa = PBXBuildFile; fileRef = F7BC88C51F4A49BA00968D42 /* Image.h */; settings = {ATTRIBUTES = (Public, ); }; };
		F7BC88C81F4A4AB400968D42 /* libgeom.a in Frameworks */ = {isa = PBXBuildFile; fileRef = F71B88CF1F44890100D4F3A4 /* libgeom.a */; };
		F7BF50FB1F4D0EC40045DE27 /* main.cpp in Sources */ = {isa = PBXBuildFile; fileRef = F7BF50FA1F4D0EC40045DE27 /* main.cpp */; };
		F7BF51011F4D32D60045DE27 /* CApp.cpp in Sources */ = {isa = PBXBuildFile; fileRef = F7BF50FF1F4D32D60045DE27 /* CApp.cpp */; };
		F7BF51021F4D36BB0045DE27 /* librender.a in Frameworks */ = {isa = PBXBuildFile; fileRef = F7BC88BF1F4A495000968D42 /* librender.a */; };
		F7BF51071F4D37C20045DE27 /* libSDL2_image.a in Frameworks */ = {isa = PBXBuildFile; fileRef = F7BF51051F4D37C20045DE27 /* libSDL2_image.a */; };
		F7BF51081F4D37C20045DE27 /* libSDL2.a in Frameworks */ = {isa = PBXBuildFile; fileRef = F7BF51061F4D37C20045DE27 /* libSDL2.a */; };
		F7BF510B1F4DC0B20045DE27 /* Renderer.cpp in Sources */ = {isa = PBXBuildFile; fileRef = F7BF51091F4DC0B20045DE27 /* Renderer.cpp */; };
		F7BF510C1F4DC0B20045DE27 /* Renderer.h in Headers */ = {isa = PBXBuildFile; fileRef = F7BF510A1F4DC0B20045DE27 /* Renderer.h */; settings = {ATTRIBUTES = (Public, ); }; };
		F7BF51101F4DC4260045DE27 /* Scene.h in Headers */ = {isa = PBXBuildFile; fileRef = F7BF510E1F4DC4260045DE27 /* Scene.h */; settings = {ATTRIBUTES = (Public, ); }; };
		F7C4A8D21F5F777100B48268 /* Ray.h in Headers */ = {isa = PBXBuildFile; fileRef = F7C4A8D11F5F777100B48268 /* Ray.h */; settings = {ATTRIBUTES = (Public, ); }; };
		F7C4A8D51F60388900B48268 /* RenderableList.h in Headers */ = {isa = PBXBuildFile; fileRef = F7C4A8D31F60388900B48268 /* RenderableList.h */; settings = {ATTRIBUTES = (Public, ); }; };
		F7C4A8D61F60388900B48268 /* RenderableList.cpp in Sources */ = {isa = PBXBuildFile; fileRef = F7C4A8D41F60388900B48268 /* RenderableList.cpp */; };
		F7C92B0F1F51BA1100BE8752 /* BookOneScene.h in Headers */ = {isa = PBXBuildFile; fileRef = F7C92B0D1F51BA1100BE8752 /* BookOneScene.h */; settings = {ATTRIBUTES = (Public, ); }; };
		F7C92B101F51BA1100BE8752 /* BookOneScene.cpp in Sources */ = {isa = PBXBuildFile; fileRef = F7C92B0E1F51BA1100BE8752 /* BookOneScene.cpp */; };
		F7C92B121F51D6BD00BE8752 /* Scene.cpp in Sources */ = {isa = PBXBuildFile; fileRef = F7C92B111F51D6BD00BE8752 /* Scene.cpp */; };
		F7C92B151F54595A00BE8752 /* AstronomyScene.cpp in Sources */ = {isa = PBXBuildFile; fileRef = F7C92B131F54595900BE8752 /* AstronomyScene.cpp */; };
		F7C92B161F54595A00BE8752 /* AstronomyScene.h in Headers */ = {isa = PBXBuildFile; fileRef = F7C92B141F54595A00BE8752 /* AstronomyScene.h */; settings = {ATTRIBUTES = (Public, ); }; };
		F7C92B1B1F545B5D00BE8752 /* earthmap_hires.jpg in CopyFiles */ = {isa = PBXBuildFile; fileRef = F7C92B181F545B1B00BE8752 /* earthmap_hires.jpg */; };
		F7C92B1C1F545B5D00BE8752 /* moon_map_mercator.jpg in CopyFiles */ = {isa = PBXBuildFile; fileRef = F7C92B191F545B1B00BE8752 /* moon_map_mercator.jpg */; };
		F7C92B1F1F54646600BE8752 /* DiffuseLight.h in Headers */ = {isa = PBXBuildFile; fileRef = F7C92B1D1F54646600BE8752 /* DiffuseLight.h */; settings = {ATTRIBUTES = (Public, ); }; };
		F7C92B201F54646600BE8752 /* DiffuseLight.cpp in Sources */ = {isa = PBXBuildFile; fileRef = F7C92B1E1F54646600BE8752 /* DiffuseLight.cpp */; };
		F7E95A371F4FA64100B962C0 /* Material.cpp in Sources */ = {isa = PBXBuildFile; fileRef = F7E95A351F4FA64100B962C0 /* Material.cpp */; };
		F7E95A381F4FA64100B962C0 /* Material.h in Headers */ = {isa = PBXBuildFile; fileRef = F7E95A361F4FA64100B962C0 /* Material.h */; settings = {ATTRIBUTES = (Public, ); }; };
		F7E95A3F1F4FACA500B962C0 /* Sphere.cpp in Sources */ = {isa = PBXBuildFile; fileRef = F7E95A3D1F4FACA400B962C0 /* Sphere.cpp */; };
		F7E95A401F4FACA500B962C0 /* Sphere.h in Headers */ = {isa = PBXBuildFile; fileRef = F7E95A3E1F4FACA400B962C0 /* Sphere.h */; };
		F7E95A431F4FAFB500B962C0 /* Lambertian.cpp in Sources */ = {isa = PBXBuildFile; fileRef = F7E95A411F4FAFB500B962C0 /* Lambertian.cpp */; };
		F7E95A441F4FAFB500B962C0 /* Lambertian.h in Headers */ = {isa = PBXBuildFile; fileRef = F7E95A421F4FAFB500B962C0 /* Lambertian.h */; settings = {ATTRIBUTES = (Public, ); }; };
		F7E95A471F4FCB2B00B962C0 /* Metal.cpp in Sources */ = {isa = PBXBuildFile; fileRef = F7E95A451F4FCB2B00B962C0 /* Metal.cpp */; };
		F7E95A481F4FCB2B00B962C0 /* Metal.h in Headers */ = {isa = PBXBuildFile; fileRef = F7E95A461F4FCB2B00B962C0 /* Metal.h */; settings = {ATTRIBUTES = (Public, ); }; };
		F7E95A4A1F4FD65A00B962C0 /* libtbb.dylib in Frameworks */ = {isa = PBXBuildFile; fileRef = F7E95A491F4FD65A00B962C0 /* libtbb.dylib */; };
		F7E95A4D1F4FD87600B962C0 /* Dielectric.cpp in Sources */ = {isa = PBXBuildFile; fileRef = F7E95A4B1F4FD87600B962C0 /* Dielectric.cpp */; };
		F7E95A4E1F4FD87600B962C0 /* Dielectric.h in Headers */ = {isa = PBXBuildFile; fileRef = F7E95A4C1F4FD87600B962C0 /* Dielectric.h */; settings = {ATTRIBUTES = (Public, ); }; };
/* End PBXBuildFile section */

/* Begin PBXContainerItemProxy section */
		F71B88D91F448E8200D4F3A4 /* PBXContainerItemProxy */ = {
			isa = PBXContainerItemProxy;
			containerPortal = F71B88A91F43379000D4F3A4 /* Project object */;
			proxyType = 1;
			remoteGlobalIDString = F71B88CE1F44890100D4F3A4;
			remoteInfo = geom;
		};
		F7BC88C91F4A4AD000968D42 /* PBXContainerItemProxy */ = {
			isa = PBXContainerItemProxy;
			containerPortal = F71B88A91F43379000D4F3A4 /* Project object */;
			proxyType = 1;
			remoteGlobalIDString = F71B88CE1F44890100D4F3A4;
			remoteInfo = geom;
		};
		F7BF51031F4D36C00045DE27 /* PBXContainerItemProxy */ = {
			isa = PBXContainerItemProxy;
			containerPortal = F71B88A91F43379000D4F3A4 /* Project object */;
			proxyType = 1;
			remoteGlobalIDString = F7BC88BE1F4A495000968D42;
			remoteInfo = render;
		};
/* End PBXContainerItemProxy section */

/* Begin PBXCopyFilesBuildPhase section */
		F71B88AF1F43379000D4F3A4 /* CopyFiles */ = {
			isa = PBXCopyFilesBuildPhase;
			buildActionMask = 2147483647;
			dstPath = /usr/share/man/man1/;
			dstSubfolderSpec = 0;
			files = (
			);
			runOnlyForDeploymentPostprocessing = 1;
		};
		F7BF50F61F4D0EC30045DE27 /* CopyFiles */ = {
			isa = PBXCopyFilesBuildPhase;
			buildActionMask = 2147483647;
			dstPath = /usr/share/man/man1/;
			dstSubfolderSpec = 0;
			files = (
			);
			runOnlyForDeploymentPostprocessing = 1;
		};
		F7C92B1A1F545B4E00BE8752 /* CopyFiles */ = {
			isa = PBXCopyFilesBuildPhase;
			buildActionMask = 2147483647;
			dstPath = "";
			dstSubfolderSpec = 16;
			files = (
				F7C92B1B1F545B5D00BE8752 /* earthmap_hires.jpg in CopyFiles */,
				F7C92B1C1F545B5D00BE8752 /* moon_map_mercator.jpg in CopyFiles */,
			);
			runOnlyForDeploymentPostprocessing = 0;
		};
/* End PBXCopyFilesBuildPhase section */

/* Begin PBXFileReference section */
		F70F91EE1F4E5F1500D585A9 /* Camera.cpp */ = {isa = PBXFileReference; lastKnownFileType = sourcecode.cpp.cpp; path = Camera.cpp; sourceTree = "<group>"; };
		F70F91EF1F4E5F1500D585A9 /* Camera.h */ = {isa = PBXFileReference; lastKnownFileType = sourcecode.c.h; path = Camera.h; sourceTree = "<group>"; };
		F70F91F21F4F085000D585A9 /* Utils.cpp */ = {isa = PBXFileReference; lastKnownFileType = sourcecode.cpp.cpp; path = Utils.cpp; sourceTree = "<group>"; };
		F70F91F31F4F085000D585A9 /* Utils.h */ = {isa = PBXFileReference; lastKnownFileType = sourcecode.c.h; path = Utils.h; sourceTree = "<group>"; };
		F71873B21F69D48600D4BD02 /* Translate.h */ = {isa = PBXFileReference; lastKnownFileType = sourcecode.c.h; path = Translate.h; sourceTree = "<group>"; };
		F71873B31F69D48600D4BD02 /* Translate.cpp */ = {isa = PBXFileReference; lastKnownFileType = sourcecode.cpp.cpp; path = Translate.cpp; sourceTree = "<group>"; };
		F71873CD1F69EB9300D4BD02 /* Scale.h */ = {isa = PBXFileReference; lastKnownFileType = sourcecode.c.h; path = Scale.h; sourceTree = "<group>"; };
		F71873CE1F69EB9300D4BD02 /* Scale.cpp */ = {isa = PBXFileReference; lastKnownFileType = sourcecode.cpp.cpp; path = Scale.cpp; sourceTree = "<group>"; };
		F71873D11F69F76400D4BD02 /* ConstantMedium.h */ = {isa = PBXFileReference; lastKnownFileType = sourcecode.c.h; path = ConstantMedium.h; sourceTree = "<group>"; };
		F71873D21F69F76400D4BD02 /* ConstantMedium.cpp */ = {isa = PBXFileReference; lastKnownFileType = sourcecode.cpp.cpp; path = ConstantMedium.cpp; sourceTree = "<group>"; };
		F71873D51F6A04EE00D4BD02 /* Isotropic.h */ = {isa = PBXFileReference; lastKnownFileType = sourcecode.c.h; path = Isotropic.h; sourceTree = "<group>"; };
		F71873D61F6A04EE00D4BD02 /* Isotropic.cpp */ = {isa = PBXFileReference; lastKnownFileType = sourcecode.cpp.cpp; path = Isotropic.cpp; sourceTree = "<group>"; };
		F71873D91F6A0EEC00D4BD02 /* CornellSmokeScene.h */ = {isa = PBXFileReference; lastKnownFileType = sourcecode.c.h; path = CornellSmokeScene.h; sourceTree = "<group>"; };
		F71873DA1F6A0EEC00D4BD02 /* CornellSmokeScene.cpp */ = {isa = PBXFileReference; lastKnownFileType = sourcecode.cpp.cpp; path = CornellSmokeScene.cpp; sourceTree = "<group>"; };
		F71B88B11F43379000D4F3A4 /* one */ = {isa = PBXFileReference; explicitFileType = "compiled.mach-o.executable"; includeInIndex = 0; path = one; sourceTree = BUILT_PRODUCTS_DIR; };
		F71B88B41F43379000D4F3A4 /* main.cpp */ = {isa = PBXFileReference; lastKnownFileType = sourcecode.cpp.cpp; path = main.cpp; sourceTree = "<group>"; };
		F71B88C71F43CCC800D4F3A4 /* Base.xcconfig */ = {isa = PBXFileReference; lastKnownFileType = text.xcconfig; path = Base.xcconfig; sourceTree = "<group>"; };
		F71B88CA1F44883400D4F3A4 /* Vec3.h */ = {isa = PBXFileReference; fileEncoding = 4; lastKnownFileType = sourcecode.c.h; path = Vec3.h; sourceTree = "<group>"; };
		F71B88CF1F44890100D4F3A4 /* libgeom.a */ = {isa = PBXFileReference; explicitFileType = archive.ar; includeInIndex = 0; path = libgeom.a; sourceTree = BUILT_PRODUCTS_DIR; };
		F72A47031F676B3400B690FA /* libembree.2.16.5.dylib */ = {isa = PBXFileReference; lastKnownFileType = "compiled.mach-o.dylib"; name = libembree.2.16.5.dylib; path = ../../../../opt/local/lib/libembree.2.16.5.dylib; sourceTree = "<group>"; };
		F754BC651F50FADF00A75D49 /* AABB.h */ = {isa = PBXFileReference; lastKnownFileType = sourcecode.c.h; path = AABB.h; sourceTree = "<group>"; };
		F754BC661F50FADF00A75D49 /* AABB.cpp */ = {isa = PBXFileReference; lastKnownFileType = sourcecode.cpp.cpp; path = AABB.cpp; sourceTree = "<group>"; };
		F754BC6A1F5100E100A75D49 /* Texture.h */ = {isa = PBXFileReference; lastKnownFileType = sourcecode.c.h; path = Texture.h; sourceTree = "<group>"; };
		F754BC6E1F5101DE00A75D49 /* ConstantTexture.h */ = {isa = PBXFileReference; lastKnownFileType = sourcecode.c.h; path = ConstantTexture.h; sourceTree = "<group>"; };
		F754BC6F1F5101DE00A75D49 /* ConstantTexture.cpp */ = {isa = PBXFileReference; lastKnownFileType = sourcecode.cpp.cpp; path = ConstantTexture.cpp; sourceTree = "<group>"; };
		F754BC721F5103E700A75D49 /* CheckerTexture3D.h */ = {isa = PBXFileReference; lastKnownFileType = sourcecode.c.h; path = CheckerTexture3D.h; sourceTree = "<group>"; };
		F754BC731F5103E700A75D49 /* CheckerTexture3D.cpp */ = {isa = PBXFileReference; lastKnownFileType = sourcecode.cpp.cpp; path = CheckerTexture3D.cpp; sourceTree = "<group>"; };
		F754BC761F511C6200A75D49 /* ImageTexture.cpp */ = {isa = PBXFileReference; fileEncoding = 4; lastKnownFileType = sourcecode.cpp.cpp; path = ImageTexture.cpp; sourceTree = "<group>"; };
		F754BC771F511C6200A75D49 /* PerlinTexture.h */ = {isa = PBXFileReference; fileEncoding = 4; lastKnownFileType = sourcecode.c.h; path = PerlinTexture.h; sourceTree = "<group>"; };
		F754BC781F511C6200A75D49 /* ImageTexture.h */ = {isa = PBXFileReference; fileEncoding = 4; lastKnownFileType = sourcecode.c.h; path = ImageTexture.h; sourceTree = "<group>"; };
		F754BC791F511C6200A75D49 /* PerlinTexture.cpp */ = {isa = PBXFileReference; fileEncoding = 4; lastKnownFileType = sourcecode.cpp.cpp; path = PerlinTexture.cpp; sourceTree = "<group>"; };
		F754BC7E1F511D1500A75D49 /* Perlin.h */ = {isa = PBXFileReference; fileEncoding = 4; lastKnownFileType = sourcecode.c.h; path = Perlin.h; sourceTree = "<group>"; };
		F754BC7F1F511D1500A75D49 /* Perlin.cpp */ = {isa = PBXFileReference; fileEncoding = 4; lastKnownFileType = sourcecode.cpp.cpp; path = Perlin.cpp; sourceTree = "<group>"; };
		F754BC821F511FD500A75D49 /* stb_image.h */ = {isa = PBXFileReference; fileEncoding = 4; lastKnownFileType = sourcecode.c.h; path = stb_image.h; sourceTree = "<group>"; };
		F77CB8B81F54EBD300ACDD2A /* BookOneWithLightScene.h */ = {isa = PBXFileReference; fileEncoding = 4; lastKnownFileType = sourcecode.c.h; path = BookOneWithLightScene.h; sourceTree = "<group>"; };
		F77CB8B91F54EBD300ACDD2A /* BookOneWithLightScene.cpp */ = {isa = PBXFileReference; fileEncoding = 4; lastKnownFileType = sourcecode.cpp.cpp; path = BookOneWithLightScene.cpp; sourceTree = "<group>"; };
		F79DA94C1F6AC72400342789 /* BookTwoScene.h */ = {isa = PBXFileReference; lastKnownFileType = sourcecode.c.h; path = BookTwoScene.h; sourceTree = "<group>"; };
		F79DA94D1F6AC72400342789 /* BookTwoScene.cpp */ = {isa = PBXFileReference; lastKnownFileType = sourcecode.cpp.cpp; path = BookTwoScene.cpp; sourceTree = "<group>"; };
		F7B068881F5799880083C127 /* Renderable.h */ = {isa = PBXFileReference; lastKnownFileType = sourcecode.c.h; path = Renderable.h; sourceTree = "<group>"; };
		F7B068891F5799880083C127 /* Renderable.cpp */ = {isa = PBXFileReference; lastKnownFileType = sourcecode.cpp.cpp; path = Renderable.cpp; sourceTree = "<group>"; };
		F7B7EF411F60CEDF005BC65A /* Rectangle.h */ = {isa = PBXFileReference; lastKnownFileType = sourcecode.c.h; path = Rectangle.h; sourceTree = "<group>"; };
		F7B7EF421F60CEDF005BC65A /* Rectangle.cpp */ = {isa = PBXFileReference; lastKnownFileType = sourcecode.cpp.cpp; path = Rectangle.cpp; sourceTree = "<group>"; };
		F7B7EF451F60CFE7005BC65A /* RectLightScene.h */ = {isa = PBXFileReference; lastKnownFileType = sourcecode.c.h; path = RectLightScene.h; sourceTree = "<group>"; };
		F7B7EF461F60CFE7005BC65A /* RectLightScene.cpp */ = {isa = PBXFileReference; lastKnownFileType = sourcecode.cpp.cpp; path = RectLightScene.cpp; sourceTree = "<group>"; };
		F7B7EF511F621D42005BC65A /* libembree.dylib */ = {isa = PBXFileReference; lastKnownFileType = "compiled.mach-o.dylib"; name = libembree.dylib; path = ../../../../opt/local/lib/libembree.dylib; sourceTree = "<group>"; };
		F7B7EF541F6220E6005BC65A /* CornellBoxScene.h */ = {isa = PBXFileReference; lastKnownFileType = sourcecode.c.h; path = CornellBoxScene.h; sourceTree = "<group>"; };
		F7B7EF551F6220E6005BC65A /* CornellBoxScene.cpp */ = {isa = PBXFileReference; lastKnownFileType = sourcecode.cpp.cpp; path = CornellBoxScene.cpp; sourceTree = "<group>"; };
		F7B7EF581F62D821005BC65A /* FlipNormals.h */ = {isa = PBXFileReference; lastKnownFileType = sourcecode.c.h; path = FlipNormals.h; sourceTree = "<group>"; };
		F7B7EF591F62D821005BC65A /* FlipNormals.cpp */ = {isa = PBXFileReference; lastKnownFileType = sourcecode.cpp.cpp; path = FlipNormals.cpp; sourceTree = "<group>"; };
		F7B7EF5C1F62E19F005BC65A /* Transform.h */ = {isa = PBXFileReference; lastKnownFileType = sourcecode.c.h; path = Transform.h; sourceTree = "<group>"; };
		F7B7EF5D1F62E19F005BC65A /* Transform.cpp */ = {isa = PBXFileReference; lastKnownFileType = sourcecode.cpp.cpp; path = Transform.cpp; sourceTree = "<group>"; };
		F7B7EF601F62F94E005BC65A /* Box.h */ = {isa = PBXFileReference; lastKnownFileType = sourcecode.c.h; path = Box.h; sourceTree = "<group>"; };
		F7B7EF611F62F94E005BC65A /* Box.cpp */ = {isa = PBXFileReference; lastKnownFileType = sourcecode.cpp.cpp; path = Box.cpp; sourceTree = "<group>"; };
		F7B7EF641F62FC1F005BC65A /* Rotate.h */ = {isa = PBXFileReference; lastKnownFileType = sourcecode.c.h; path = Rotate.h; sourceTree = "<group>"; };
		F7B7EF651F62FC1F005BC65A /* Rotate.cpp */ = {isa = PBXFileReference; lastKnownFileType = sourcecode.cpp.cpp; path = Rotate.cpp; sourceTree = "<group>"; };
		F7BC88BF1F4A495000968D42 /* librender.a */ = {isa = PBXFileReference; explicitFileType = archive.ar; includeInIndex = 0; path = librender.a; sourceTree = BUILT_PRODUCTS_DIR; };
		F7BC88C41F4A49BA00968D42 /* Image.cpp */ = {isa = PBXFileReference; lastKnownFileType = sourcecode.cpp.cpp; path = Image.cpp; sourceTree = "<group>"; };
		F7BC88C51F4A49BA00968D42 /* Image.h */ = {isa = PBXFileReference; lastKnownFileType = sourcecode.c.h; path = Image.h; sourceTree = "<group>"; };
		F7BF50F81F4D0EC30045DE27 /* viewer */ = {isa = PBXFileReference; explicitFileType = "compiled.mach-o.executable"; includeInIndex = 0; path = viewer; sourceTree = BUILT_PRODUCTS_DIR; };
		F7BF50FA1F4D0EC40045DE27 /* main.cpp */ = {isa = PBXFileReference; lastKnownFileType = sourcecode.cpp.cpp; path = main.cpp; sourceTree = "<group>"; };
		F7BF50FF1F4D32D60045DE27 /* CApp.cpp */ = {isa = PBXFileReference; lastKnownFileType = sourcecode.cpp.cpp; path = CApp.cpp; sourceTree = "<group>"; };
		F7BF51001F4D32D60045DE27 /* CApp.h */ = {isa = PBXFileReference; lastKnownFileType = sourcecode.c.h; path = CApp.h; sourceTree = "<group>"; };
		F7BF51051F4D37C20045DE27 /* libSDL2_image.a */ = {isa = PBXFileReference; lastKnownFileType = archive.ar; name = libSDL2_image.a; path = ../../../../usr/local/Cellar/sdl2_image/2.0.1_2/lib/libSDL2_image.a; sourceTree = "<group>"; };
		F7BF51061F4D37C20045DE27 /* libSDL2.a */ = {isa = PBXFileReference; lastKnownFileType = archive.ar; name = libSDL2.a; path = ../../../../usr/local/Cellar/sdl2/2.0.5/lib/libSDL2.a; sourceTree = "<group>"; };
		F7BF51091F4DC0B20045DE27 /* Renderer.cpp */ = {isa = PBXFileReference; lastKnownFileType = sourcecode.cpp.cpp; path = Renderer.cpp; sourceTree = "<group>"; };
		F7BF510A1F4DC0B20045DE27 /* Renderer.h */ = {isa = PBXFileReference; lastKnownFileType = sourcecode.c.h; path = Renderer.h; sourceTree = "<group>"; };
		F7BF510E1F4DC4260045DE27 /* Scene.h */ = {isa = PBXFileReference; lastKnownFileType = sourcecode.c.h; path = Scene.h; sourceTree = "<group>"; };
		F7C4A8D11F5F777100B48268 /* Ray.h */ = {isa = PBXFileReference; lastKnownFileType = sourcecode.c.h; path = Ray.h; sourceTree = "<group>"; };
		F7C4A8D31F60388900B48268 /* RenderableList.h */ = {isa = PBXFileReference; lastKnownFileType = sourcecode.c.h; path = RenderableList.h; sourceTree = "<group>"; };
		F7C4A8D41F60388900B48268 /* RenderableList.cpp */ = {isa = PBXFileReference; lastKnownFileType = sourcecode.cpp.cpp; path = RenderableList.cpp; sourceTree = "<group>"; };
		F7C92B0D1F51BA1100BE8752 /* BookOneScene.h */ = {isa = PBXFileReference; lastKnownFileType = sourcecode.c.h; path = BookOneScene.h; sourceTree = "<group>"; };
		F7C92B0E1F51BA1100BE8752 /* BookOneScene.cpp */ = {isa = PBXFileReference; lastKnownFileType = sourcecode.cpp.cpp; path = BookOneScene.cpp; sourceTree = "<group>"; };
		F7C92B111F51D6BD00BE8752 /* Scene.cpp */ = {isa = PBXFileReference; lastKnownFileType = sourcecode.cpp.cpp; path = Scene.cpp; sourceTree = "<group>"; };
		F7C92B131F54595900BE8752 /* AstronomyScene.cpp */ = {isa = PBXFileReference; fileEncoding = 4; lastKnownFileType = sourcecode.cpp.cpp; path = AstronomyScene.cpp; sourceTree = "<group>"; };
		F7C92B141F54595A00BE8752 /* AstronomyScene.h */ = {isa = PBXFileReference; fileEncoding = 4; lastKnownFileType = sourcecode.c.h; path = AstronomyScene.h; sourceTree = "<group>"; };
		F7C92B181F545B1B00BE8752 /* earthmap_hires.jpg */ = {isa = PBXFileReference; lastKnownFileType = image.jpeg; path = earthmap_hires.jpg; sourceTree = "<group>"; };
		F7C92B191F545B1B00BE8752 /* moon_map_mercator.jpg */ = {isa = PBXFileReference; lastKnownFileType = image.jpeg; path = moon_map_mercator.jpg; sourceTree = "<group>"; };
		F7C92B1D1F54646600BE8752 /* DiffuseLight.h */ = {isa = PBXFileReference; fileEncoding = 4; lastKnownFileType = sourcecode.c.h; path = DiffuseLight.h; sourceTree = "<group>"; };
		F7C92B1E1F54646600BE8752 /* DiffuseLight.cpp */ = {isa = PBXFileReference; fileEncoding = 4; lastKnownFileType = sourcecode.cpp.cpp; path = DiffuseLight.cpp; sourceTree = "<group>"; };
		F7E95A351F4FA64100B962C0 /* Material.cpp */ = {isa = PBXFileReference; lastKnownFileType = sourcecode.cpp.cpp; path = Material.cpp; sourceTree = "<group>"; };
		F7E95A361F4FA64100B962C0 /* Material.h */ = {isa = PBXFileReference; lastKnownFileType = sourcecode.c.h; path = Material.h; sourceTree = "<group>"; };
		F7E95A3D1F4FACA400B962C0 /* Sphere.cpp */ = {isa = PBXFileReference; fileEncoding = 4; lastKnownFileType = sourcecode.cpp.cpp; path = Sphere.cpp; sourceTree = "<group>"; };
		F7E95A3E1F4FACA400B962C0 /* Sphere.h */ = {isa = PBXFileReference; fileEncoding = 4; lastKnownFileType = sourcecode.c.h; path = Sphere.h; sourceTree = "<group>"; };
		F7E95A411F4FAFB500B962C0 /* Lambertian.cpp */ = {isa = PBXFileReference; lastKnownFileType = sourcecode.cpp.cpp; path = Lambertian.cpp; sourceTree = "<group>"; };
		F7E95A421F4FAFB500B962C0 /* Lambertian.h */ = {isa = PBXFileReference; lastKnownFileType = sourcecode.c.h; path = Lambertian.h; sourceTree = "<group>"; };
		F7E95A451F4FCB2B00B962C0 /* Metal.cpp */ = {isa = PBXFileReference; lastKnownFileType = sourcecode.cpp.cpp; path = Metal.cpp; sourceTree = "<group>"; };
		F7E95A461F4FCB2B00B962C0 /* Metal.h */ = {isa = PBXFileReference; lastKnownFileType = sourcecode.c.h; path = Metal.h; sourceTree = "<group>"; };
		F7E95A491F4FD65A00B962C0 /* libtbb.dylib */ = {isa = PBXFileReference; lastKnownFileType = "compiled.mach-o.dylib"; name = libtbb.dylib; path = ../../../../usr/local/Cellar/tbb/2017_U7/lib/libtbb.dylib; sourceTree = "<group>"; };
		F7E95A4B1F4FD87600B962C0 /* Dielectric.cpp */ = {isa = PBXFileReference; lastKnownFileType = sourcecode.cpp.cpp; path = Dielectric.cpp; sourceTree = "<group>"; };
		F7E95A4C1F4FD87600B962C0 /* Dielectric.h */ = {isa = PBXFileReference; lastKnownFileType = sourcecode.c.h; path = Dielectric.h; sourceTree = "<group>"; };
/* End PBXFileReference section */

/* Begin PBXFrameworksBuildPhase section */
		F71B88AE1F43379000D4F3A4 /* Frameworks */ = {
			isa = PBXFrameworksBuildPhase;
			buildActionMask = 2147483647;
			files = (
				F71873B11F68A56600D4BD02 /* libtbb.dylib in Frameworks */,
				F7B7EF531F621D58005BC65A /* libembree.dylib in Frameworks */,
				F70F91ED1F4E4C1900D585A9 /* librender.a in Frameworks */,
			);
			runOnlyForDeploymentPostprocessing = 0;
		};
		F71B88CC1F44890100D4F3A4 /* Frameworks */ = {
			isa = PBXFrameworksBuildPhase;
			buildActionMask = 2147483647;
			files = (
			);
			runOnlyForDeploymentPostprocessing = 0;
		};
		F7BC88BC1F4A495000968D42 /* Frameworks */ = {
			isa = PBXFrameworksBuildPhase;
			buildActionMask = 2147483647;
			files = (
				F7BC88C81F4A4AB400968D42 /* libgeom.a in Frameworks */,
			);
			runOnlyForDeploymentPostprocessing = 0;
		};
		F7BF50F51F4D0EC30045DE27 /* Frameworks */ = {
			isa = PBXFrameworksBuildPhase;
			buildActionMask = 2147483647;
			files = (
				F7B7EF521F621D42005BC65A /* libembree.dylib in Frameworks */,
				F7E95A4A1F4FD65A00B962C0 /* libtbb.dylib in Frameworks */,
				F7BF51071F4D37C20045DE27 /* libSDL2_image.a in Frameworks */,
				F7BF51081F4D37C20045DE27 /* libSDL2.a in Frameworks */,
				F7BF51021F4D36BB0045DE27 /* librender.a in Frameworks */,
			);
			runOnlyForDeploymentPostprocessing = 0;
		};
/* End PBXFrameworksBuildPhase section */

/* Begin PBXGroup section */
		F71B88A81F43379000D4F3A4 = {
			isa = PBXGroup;
			children = (
				F7BC88C31F4A498900968D42 /* render */,
				F71B88C91F4487DB00D4F3A4 /* geom */,
				F71B88C61F43CC9300D4F3A4 /* config */,
				F71B88B31F43379000D4F3A4 /* wrender */,
				F7BF50F91F4D0EC40045DE27 /* viewer */,
				F71B88B21F43379000D4F3A4 /* Products */,
				F71B88C31F43CC2D00D4F3A4 /* Frameworks */,
			);
			sourceTree = "<group>";
		};
		F71B88B21F43379000D4F3A4 /* Products */ = {
			isa = PBXGroup;
			children = (
				F71B88B11F43379000D4F3A4 /* one */,
				F71B88CF1F44890100D4F3A4 /* libgeom.a */,
				F7BC88BF1F4A495000968D42 /* librender.a */,
				F7BF50F81F4D0EC30045DE27 /* viewer */,
			);
			name = Products;
			sourceTree = "<group>";
		};
		F71B88B31F43379000D4F3A4 /* wrender */ = {
			isa = PBXGroup;
			children = (
				F71B88B41F43379000D4F3A4 /* main.cpp */,
			);
			name = wrender;
			path = cmd/wrender;
			sourceTree = "<group>";
		};
		F71B88C31F43CC2D00D4F3A4 /* Frameworks */ = {
			isa = PBXGroup;
			children = (
				F72A47031F676B3400B690FA /* libembree.2.16.5.dylib */,
				F7B7EF511F621D42005BC65A /* libembree.dylib */,
				F7E95A491F4FD65A00B962C0 /* libtbb.dylib */,
				F7BF51051F4D37C20045DE27 /* libSDL2_image.a */,
				F7BF51061F4D37C20045DE27 /* libSDL2.a */,
			);
			name = Frameworks;
			sourceTree = "<group>";
		};
		F71B88C61F43CC9300D4F3A4 /* config */ = {
			isa = PBXGroup;
			children = (
				F71B88C71F43CCC800D4F3A4 /* Base.xcconfig */,
			);
			path = config;
			sourceTree = "<group>";
		};
		F71B88C91F4487DB00D4F3A4 /* geom */ = {
			isa = PBXGroup;
			children = (
				F754BC651F50FADF00A75D49 /* AABB.h */,
				F754BC661F50FADF00A75D49 /* AABB.cpp */,
				F70F91F31F4F085000D585A9 /* Utils.h */,
				F70F91F21F4F085000D585A9 /* Utils.cpp */,
				F71B88CA1F44883400D4F3A4 /* Vec3.h */,
			);
			name = geom;
			path = lib/geom;
			sourceTree = "<group>";
		};
		F754BC691F5100BF00A75D49 /* textures */ = {
			isa = PBXGroup;
			children = (
				F754BC721F5103E700A75D49 /* CheckerTexture3D.h */,
				F754BC731F5103E700A75D49 /* CheckerTexture3D.cpp */,
				F754BC6E1F5101DE00A75D49 /* ConstantTexture.h */,
				F754BC6F1F5101DE00A75D49 /* ConstantTexture.cpp */,
				F754BC781F511C6200A75D49 /* ImageTexture.h */,
				F754BC761F511C6200A75D49 /* ImageTexture.cpp */,
				F754BC791F511C6200A75D49 /* PerlinTexture.cpp */,
				F754BC771F511C6200A75D49 /* PerlinTexture.h */,
				F754BC6A1F5100E100A75D49 /* Texture.h */,
			);
			path = textures;
			sourceTree = "<group>";
		};
		F754BC841F51B88300A75D49 /* scenes */ = {
			isa = PBXGroup;
			children = (
				F7BF510E1F4DC4260045DE27 /* Scene.h */,
				F7C92B111F51D6BD00BE8752 /* Scene.cpp */,
				F7C92B141F54595A00BE8752 /* AstronomyScene.h */,
				F7C92B131F54595900BE8752 /* AstronomyScene.cpp */,
				F7C92B0D1F51BA1100BE8752 /* BookOneScene.h */,
				F7C92B0E1F51BA1100BE8752 /* BookOneScene.cpp */,
				F77CB8B81F54EBD300ACDD2A /* BookOneWithLightScene.h */,
				F77CB8B91F54EBD300ACDD2A /* BookOneWithLightScene.cpp */,
				F79DA94C1F6AC72400342789 /* BookTwoScene.h */,
				F79DA94D1F6AC72400342789 /* BookTwoScene.cpp */,
				F7B7EF541F6220E6005BC65A /* CornellBoxScene.h */,
				F7B7EF551F6220E6005BC65A /* CornellBoxScene.cpp */,
				F71873D91F6A0EEC00D4BD02 /* CornellSmokeScene.h */,
				F71873DA1F6A0EEC00D4BD02 /* CornellSmokeScene.cpp */,
				F7B7EF451F60CFE7005BC65A /* RectLightScene.h */,
				F7B7EF461F60CFE7005BC65A /* RectLightScene.cpp */,
			);
			path = scenes;
			sourceTree = "<group>";
		};
		F7B068871F5799590083C127 /* renderables */ = {
			isa = PBXGroup;
			children = (
				F7B7EF601F62F94E005BC65A /* Box.h */,
				F7B7EF611F62F94E005BC65A /* Box.cpp */,
				F7B7EF581F62D821005BC65A /* FlipNormals.h */,
				F7B7EF591F62D821005BC65A /* FlipNormals.cpp */,
				F7B068881F5799880083C127 /* Renderable.h */,
				F7B068891F5799880083C127 /* Renderable.cpp */,
				F7C4A8D31F60388900B48268 /* RenderableList.h */,
				F7C4A8D41F60388900B48268 /* RenderableList.cpp */,
				F7B7EF411F60CEDF005BC65A /* Rectangle.h */,
				F7B7EF421F60CEDF005BC65A /* Rectangle.cpp */,
				F7B7EF641F62FC1F005BC65A /* Rotate.h */,
				F7B7EF651F62FC1F005BC65A /* Rotate.cpp */,
				F7E95A3E1F4FACA400B962C0 /* Sphere.h */,
				F7E95A3D1F4FACA400B962C0 /* Sphere.cpp */,
				F7B7EF5C1F62E19F005BC65A /* Transform.h */,
				F7B7EF5D1F62E19F005BC65A /* Transform.cpp */,
				F71873B21F69D48600D4BD02 /* Translate.h */,
				F71873B31F69D48600D4BD02 /* Translate.cpp */,
				F71873CD1F69EB9300D4BD02 /* Scale.h */,
				F71873CE1F69EB9300D4BD02 /* Scale.cpp */,
				F71873D11F69F76400D4BD02 /* ConstantMedium.h */,
				F71873D21F69F76400D4BD02 /* ConstantMedium.cpp */,
			);
			path = renderables;
			sourceTree = "<group>";
		};
		F7BC88C31F4A498900968D42 /* render */ = {
			isa = PBXGroup;
			children = (
				F7B068871F5799590083C127 /* renderables */,
				F7E95A341F4FA60B00B962C0 /* materials */,
				F7C92B171F545AE900BE8752 /* resources */,
				F754BC841F51B88300A75D49 /* scenes */,
				F754BC691F5100BF00A75D49 /* textures */,
				F754BC821F511FD500A75D49 /* stb_image.h */,
				F70F91EF1F4E5F1500D585A9 /* Camera.h */,
				F70F91EE1F4E5F1500D585A9 /* Camera.cpp */,
				F7BC88C51F4A49BA00968D42 /* Image.h */,
				F7BC88C41F4A49BA00968D42 /* Image.cpp */,
				F754BC7E1F511D1500A75D49 /* Perlin.h */,
				F754BC7F1F511D1500A75D49 /* Perlin.cpp */,
				F7C4A8D11F5F777100B48268 /* Ray.h */,
				F7BF510A1F4DC0B20045DE27 /* Renderer.h */,
				F7BF51091F4DC0B20045DE27 /* Renderer.cpp */,
			);
			name = render;
			path = lib/render;
			sourceTree = "<group>";
		};
		F7BF50F91F4D0EC40045DE27 /* viewer */ = {
			isa = PBXGroup;
			children = (
				F7BF50FA1F4D0EC40045DE27 /* main.cpp */,
				F7BF51001F4D32D60045DE27 /* CApp.h */,
				F7BF50FF1F4D32D60045DE27 /* CApp.cpp */,
			);
			name = viewer;
			path = cmd/viewer;
			sourceTree = "<group>";
		};
		F7C92B171F545AE900BE8752 /* resources */ = {
			isa = PBXGroup;
			children = (
				F7C92B181F545B1B00BE8752 /* earthmap_hires.jpg */,
				F7C92B191F545B1B00BE8752 /* moon_map_mercator.jpg */,
			);
			path = resources;
			sourceTree = "<group>";
		};
		F7E95A341F4FA60B00B962C0 /* materials */ = {
			isa = PBXGroup;
			children = (
				F7E95A4C1F4FD87600B962C0 /* Dielectric.h */,
				F7E95A4B1F4FD87600B962C0 /* Dielectric.cpp */,
				F7C92B1D1F54646600BE8752 /* DiffuseLight.h */,
				F7C92B1E1F54646600BE8752 /* DiffuseLight.cpp */,
				F71873D51F6A04EE00D4BD02 /* Isotropic.h */,
				F71873D61F6A04EE00D4BD02 /* Isotropic.cpp */,
				F7E95A361F4FA64100B962C0 /* Material.h */,
				F7E95A351F4FA64100B962C0 /* Material.cpp */,
				F7E95A461F4FCB2B00B962C0 /* Metal.h */,
				F7E95A451F4FCB2B00B962C0 /* Metal.cpp */,
				F7E95A421F4FAFB500B962C0 /* Lambertian.h */,
				F7E95A411F4FAFB500B962C0 /* Lambertian.cpp */,
			);
			path = materials;
			sourceTree = "<group>";
		};
/* End PBXGroup section */

/* Begin PBXHeadersBuildPhase section */
		F71B88CD1F44890100D4F3A4 /* Headers */ = {
			isa = PBXHeadersBuildPhase;
			buildActionMask = 2147483647;
			files = (
				F71B88D31F4489A800D4F3A4 /* Vec3.h in Headers */,
				F754BC671F50FADF00A75D49 /* AABB.h in Headers */,
				F70F91F51F4F085000D585A9 /* Utils.h in Headers */,
			);
			runOnlyForDeploymentPostprocessing = 0;
		};
		F7BC88BD1F4A495000968D42 /* Headers */ = {
			isa = PBXHeadersBuildPhase;
			buildActionMask = 2147483647;
			files = (
				F754BC741F5103E800A75D49 /* CheckerTexture3D.h in Headers */,
				F7C92B0F1F51BA1100BE8752 /* BookOneScene.h in Headers */,
				F7C92B161F54595A00BE8752 /* AstronomyScene.h in Headers */,
				F79DA94E1F6AC72400342789 /* BookTwoScene.h in Headers */,
				F7BF51101F4DC4260045DE27 /* Scene.h in Headers */,
				F70F91F11F4E5F1500D585A9 /* Camera.h in Headers */,
				F71873CF1F69EB9300D4BD02 /* Scale.h in Headers */,
				F7B0688A1F5799880083C127 /* Renderable.h in Headers */,
				F7E95A481F4FCB2B00B962C0 /* Metal.h in Headers */,
				F7C92B1F1F54646600BE8752 /* DiffuseLight.h in Headers */,
				F7B7EF5A1F62D821005BC65A /* FlipNormals.h in Headers */,
				F7BC88C71F4A49BA00968D42 /* Image.h in Headers */,
				F71873D71F6A04EE00D4BD02 /* Isotropic.h in Headers */,
				F7B7EF621F62F94E005BC65A /* Box.h in Headers */,
				F7E95A381F4FA64100B962C0 /* Material.h in Headers */,
				F754BC7B1F511C6200A75D49 /* PerlinTexture.h in Headers */,
				F7B7EF561F6220E6005BC65A /* CornellBoxScene.h in Headers */,
				F7C4A8D51F60388900B48268 /* RenderableList.h in Headers */,
				F7C4A8D21F5F777100B48268 /* Ray.h in Headers */,
				F7BF510C1F4DC0B20045DE27 /* Renderer.h in Headers */,
				F7B7EF431F60CEDF005BC65A /* Rectangle.h in Headers */,
				F7B7EF5E1F62E19F005BC65A /* Transform.h in Headers */,
				F7B7EF471F60CFE7005BC65A /* RectLightScene.h in Headers */,
				F754BC7C1F511C6200A75D49 /* ImageTexture.h in Headers */,
				F77CB8BC1F54EC2200ACDD2A /* BookOneWithLightScene.h in Headers */,
				F754BC701F5101DE00A75D49 /* ConstantTexture.h in Headers */,
				F7E95A441F4FAFB500B962C0 /* Lambertian.h in Headers */,
				F754BC801F511D1500A75D49 /* Perlin.h in Headers */,
				F71873B41F69D48600D4BD02 /* Translate.h in Headers */,
				F7B7EF661F62FC1F005BC65A /* Rotate.h in Headers */,
				F754BC831F511FD500A75D49 /* stb_image.h in Headers */,
				F71873D31F69F76400D4BD02 /* ConstantMedium.h in Headers */,
				F71873DB1F6A0EEC00D4BD02 /* CornellSmokeScene.h in Headers */,
				F7E95A4E1F4FD87600B962C0 /* Dielectric.h in Headers */,
				F754BC6C1F5100E100A75D49 /* Texture.h in Headers */,
				F7E95A401F4FACA500B962C0 /* Sphere.h in Headers */,
			);
			runOnlyForDeploymentPostprocessing = 0;
		};
/* End PBXHeadersBuildPhase section */

/* Begin PBXNativeTarget section */
		F71B88B01F43379000D4F3A4 /* one */ = {
			isa = PBXNativeTarget;
			buildConfigurationList = F71B88B81F43379000D4F3A4 /* Build configuration list for PBXNativeTarget "one" */;
			buildPhases = (
				F71B88AD1F43379000D4F3A4 /* Sources */,
				F71B88AE1F43379000D4F3A4 /* Frameworks */,
				F71B88AF1F43379000D4F3A4 /* CopyFiles */,
			);
			buildRules = (
			);
			dependencies = (
				F71B88DA1F448E8200D4F3A4 /* PBXTargetDependency */,
			);
			name = one;
			productName = one;
			productReference = F71B88B11F43379000D4F3A4 /* one */;
			productType = "com.apple.product-type.tool";
		};
		F71B88CE1F44890100D4F3A4 /* geom */ = {
			isa = PBXNativeTarget;
			buildConfigurationList = F71B88D01F44890100D4F3A4 /* Build configuration list for PBXNativeTarget "geom" */;
			buildPhases = (
				F71B88CB1F44890100D4F3A4 /* Sources */,
				F71B88CC1F44890100D4F3A4 /* Frameworks */,
				F71B88CD1F44890100D4F3A4 /* Headers */,
			);
			buildRules = (
			);
			dependencies = (
			);
			name = geom;
			productName = geom;
			productReference = F71B88CF1F44890100D4F3A4 /* libgeom.a */;
			productType = "com.apple.product-type.library.static";
		};
		F7BC88BE1F4A495000968D42 /* render */ = {
			isa = PBXNativeTarget;
			buildConfigurationList = F7BC88C01F4A495000968D42 /* Build configuration list for PBXNativeTarget "render" */;
			buildPhases = (
				F7BC88BB1F4A495000968D42 /* Sources */,
				F7BC88BC1F4A495000968D42 /* Frameworks */,
				F7BC88BD1F4A495000968D42 /* Headers */,
				F7C92B1A1F545B4E00BE8752 /* CopyFiles */,
			);
			buildRules = (
			);
			dependencies = (
				F7BC88CA1F4A4AD000968D42 /* PBXTargetDependency */,
			);
			name = render;
			productName = render;
			productReference = F7BC88BF1F4A495000968D42 /* librender.a */;
			productType = "com.apple.product-type.library.static";
		};
		F7BF50F71F4D0EC30045DE27 /* viewer */ = {
			isa = PBXNativeTarget;
			buildConfigurationList = F7BF50FC1F4D0EC40045DE27 /* Build configuration list for PBXNativeTarget "viewer" */;
			buildPhases = (
				F7BF50F41F4D0EC30045DE27 /* Sources */,
				F7BF50F51F4D0EC30045DE27 /* Frameworks */,
				F7BF50F61F4D0EC30045DE27 /* CopyFiles */,
			);
			buildRules = (
			);
			dependencies = (
				F7BF51041F4D36C00045DE27 /* PBXTargetDependency */,
			);
			name = viewer;
			productName = viewer;
			productReference = F7BF50F81F4D0EC30045DE27 /* viewer */;
			productType = "com.apple.product-type.tool";
		};
/* End PBXNativeTarget section */

/* Begin PBXProject section */
		F71B88A91F43379000D4F3A4 /* Project object */ = {
			isa = PBXProject;
			attributes = {
				LastUpgradeCheck = 0900;
				ORGANIZATIONNAME = Undernones;
				TargetAttributes = {
					F71B88B01F43379000D4F3A4 = {
						CreatedOnToolsVersion = 9.0;
						ProvisioningStyle = Automatic;
					};
					F71B88CE1F44890100D4F3A4 = {
						CreatedOnToolsVersion = 9.0;
						ProvisioningStyle = Automatic;
					};
					F7BC88BE1F4A495000968D42 = {
						CreatedOnToolsVersion = 9.0;
						ProvisioningStyle = Automatic;
					};
					F7BF50F71F4D0EC30045DE27 = {
						CreatedOnToolsVersion = 9.0;
						ProvisioningStyle = Automatic;
					};
				};
			};
			buildConfigurationList = F71B88AC1F43379000D4F3A4 /* Build configuration list for PBXProject "one" */;
			compatibilityVersion = "Xcode 8.0";
			developmentRegion = en;
			hasScannedForEncodings = 0;
			knownRegions = (
				en,
				Base,
			);
			mainGroup = F71B88A81F43379000D4F3A4;
			productRefGroup = F71B88B21F43379000D4F3A4 /* Products */;
			projectDirPath = "";
			projectRoot = "";
			targets = (
				F71B88B01F43379000D4F3A4 /* one */,
				F71B88CE1F44890100D4F3A4 /* geom */,
				F7BC88BE1F4A495000968D42 /* render */,
				F7BF50F71F4D0EC30045DE27 /* viewer */,
			);
		};
/* End PBXProject section */

/* Begin PBXSourcesBuildPhase section */
		F71B88AD1F43379000D4F3A4 /* Sources */ = {
			isa = PBXSourcesBuildPhase;
			buildActionMask = 2147483647;
			files = (
				F71B88B51F43379000D4F3A4 /* main.cpp in Sources */,
			);
			runOnlyForDeploymentPostprocessing = 0;
		};
		F71B88CB1F44890100D4F3A4 /* Sources */ = {
			isa = PBXSourcesBuildPhase;
			buildActionMask = 2147483647;
			files = (
				F754BC681F50FADF00A75D49 /* AABB.cpp in Sources */,
				F70F91F41F4F085000D585A9 /* Utils.cpp in Sources */,
			);
			runOnlyForDeploymentPostprocessing = 0;
		};
		F7BC88BB1F4A495000968D42 /* Sources */ = {
			isa = PBXSourcesBuildPhase;
			buildActionMask = 2147483647;
			files = (
				F754BC751F5103E800A75D49 /* CheckerTexture3D.cpp in Sources */,
				F7B7EF631F62F94E005BC65A /* Box.cpp in Sources */,
				F71873DC1F6A0EEC00D4BD02 /* CornellSmokeScene.cpp in Sources */,
				F71873D41F69F76400D4BD02 /* ConstantMedium.cpp in Sources */,
				F70F91F01F4E5F1500D585A9 /* Camera.cpp in Sources */,
				F7BF510B1F4DC0B20045DE27 /* Renderer.cpp in Sources */,
				F77CB8BB1F54EC1E00ACDD2A /* BookOneWithLightScene.cpp in Sources */,
				F7C92B121F51D6BD00BE8752 /* Scene.cpp in Sources */,
				F7B7EF671F62FC1F005BC65A /* Rotate.cpp in Sources */,
				F7B7EF441F60CEDF005BC65A /* Rectangle.cpp in Sources */,
				F79DA94F1F6AC72400342789 /* BookTwoScene.cpp in Sources */,
				F7B7EF571F6220E6005BC65A /* CornellBoxScene.cpp in Sources */,
				F7E95A4D1F4FD87600B962C0 /* Dielectric.cpp in Sources */,
				F7C92B201F54646600BE8752 /* DiffuseLight.cpp in Sources */,
				F7B0688B1F5799880083C127 /* Renderable.cpp in Sources */,
				F7C92B101F51BA1100BE8752 /* BookOneScene.cpp in Sources */,
				F7C4A8D61F60388900B48268 /* RenderableList.cpp in Sources */,
				F754BC7A1F511C6200A75D49 /* ImageTexture.cpp in Sources */,
				F7E95A431F4FAFB500B962C0 /* Lambertian.cpp in Sources */,
				F754BC7D1F511C6200A75D49 /* PerlinTexture.cpp in Sources */,
				F7B7EF5B1F62D821005BC65A /* FlipNormals.cpp in Sources */,
				F71873D01F69EB9300D4BD02 /* Scale.cpp in Sources */,
				F7E95A371F4FA64100B962C0 /* Material.cpp in Sources */,
				F7E95A471F4FCB2B00B962C0 /* Metal.cpp in Sources */,
				F71873B51F69D48600D4BD02 /* Translate.cpp in Sources */,
				F754BC711F5101DE00A75D49 /* ConstantTexture.cpp in Sources */,
				F7B7EF481F60CFE7005BC65A /* RectLightScene.cpp in Sources */,
				F7B7EF5F1F62E19F005BC65A /* Transform.cpp in Sources */,
				F754BC811F511D1500A75D49 /* Perlin.cpp in Sources */,
				F71873D81F6A04EE00D4BD02 /* Isotropic.cpp in Sources */,
				F7C92B151F54595A00BE8752 /* AstronomyScene.cpp in Sources */,
				F7E95A3F1F4FACA500B962C0 /* Sphere.cpp in Sources */,
				F7BC88C61F4A49BA00968D42 /* Image.cpp in Sources */,
			);
			runOnlyForDeploymentPostprocessing = 0;
		};
		F7BF50F41F4D0EC30045DE27 /* Sources */ = {
			isa = PBXSourcesBuildPhase;
			buildActionMask = 2147483647;
			files = (
				F7BF50FB1F4D0EC40045DE27 /* main.cpp in Sources */,
				F7BF51011F4D32D60045DE27 /* CApp.cpp in Sources */,
			);
			runOnlyForDeploymentPostprocessing = 0;
		};
/* End PBXSourcesBuildPhase section */

/* Begin PBXTargetDependency section */
		F71B88DA1F448E8200D4F3A4 /* PBXTargetDependency */ = {
			isa = PBXTargetDependency;
			target = F71B88CE1F44890100D4F3A4 /* geom */;
			targetProxy = F71B88D91F448E8200D4F3A4 /* PBXContainerItemProxy */;
		};
		F7BC88CA1F4A4AD000968D42 /* PBXTargetDependency */ = {
			isa = PBXTargetDependency;
			target = F71B88CE1F44890100D4F3A4 /* geom */;
			targetProxy = F7BC88C91F4A4AD000968D42 /* PBXContainerItemProxy */;
		};
		F7BF51041F4D36C00045DE27 /* PBXTargetDependency */ = {
			isa = PBXTargetDependency;
			target = F7BC88BE1F4A495000968D42 /* render */;
			targetProxy = F7BF51031F4D36C00045DE27 /* PBXContainerItemProxy */;
		};
/* End PBXTargetDependency section */

/* Begin XCBuildConfiguration section */
		F71B88B61F43379000D4F3A4 /* Debug */ = {
			isa = XCBuildConfiguration;
			baseConfigurationReference = F71B88C71F43CCC800D4F3A4 /* Base.xcconfig */;
			buildSettings = {
				CLANG_ANALYZER_NONNULL = YES;
				CLANG_ANALYZER_NUMBER_OBJECT_CONVERSION = YES_AGGRESSIVE;
				CLANG_ENABLE_OBJC_ARC = YES;
				CLANG_WARN_BLOCK_CAPTURE_AUTORELEASING = YES;
				CLANG_WARN_BOOL_CONVERSION = YES;
				CLANG_WARN_CONSTANT_CONVERSION = YES;
				CLANG_WARN_DIRECT_OBJC_ISA_USAGE = YES_ERROR;
				CLANG_WARN_ENUM_CONVERSION = YES;
				CLANG_WARN_INFINITE_RECURSION = YES;
				CLANG_WARN_INT_CONVERSION = YES;
				CLANG_WARN_NON_LITERAL_NULL_CONVERSION = YES;
				CLANG_WARN_OBJC_LITERAL_CONVERSION = YES;
				CLANG_WARN_OBJC_ROOT_CLASS = YES_ERROR;
				CLANG_WARN_RANGE_LOOP_ANALYSIS = YES;
				CLANG_WARN_STRICT_PROTOTYPES = YES;
				CLANG_WARN_SUSPICIOUS_MOVE = YES;
				CLANG_WARN_UNGUARDED_AVAILABILITY = YES_AGGRESSIVE;
				CLANG_WARN_UNREACHABLE_CODE = YES;
				CLANG_WARN__DUPLICATE_METHOD_MATCH = YES;
				COPY_PHASE_STRIP = NO;
				DEBUG_INFORMATION_FORMAT = dwarf;
				ENABLE_STRICT_OBJC_MSGSEND = YES;
				ENABLE_TESTABILITY = YES;
				GCC_WARN_64_TO_32_BIT_CONVERSION = YES;
				GCC_WARN_ABOUT_RETURN_TYPE = YES_ERROR;
				GCC_WARN_UNDECLARED_SELECTOR = YES;
				GCC_WARN_UNINITIALIZED_AUTOS = YES_AGGRESSIVE;
				GCC_WARN_UNUSED_FUNCTION = YES;
				GCC_WARN_UNUSED_VARIABLE = YES;
				MTL_ENABLE_DEBUG_INFO = YES;
				ONLY_ACTIVE_ARCH = YES;
			};
			name = Debug;
		};
		F71B88B71F43379000D4F3A4 /* Release */ = {
			isa = XCBuildConfiguration;
			baseConfigurationReference = F71B88C71F43CCC800D4F3A4 /* Base.xcconfig */;
			buildSettings = {
				CLANG_ANALYZER_NONNULL = YES;
				CLANG_ANALYZER_NUMBER_OBJECT_CONVERSION = YES_AGGRESSIVE;
				CLANG_ENABLE_OBJC_ARC = YES;
				CLANG_WARN_BLOCK_CAPTURE_AUTORELEASING = YES;
				CLANG_WARN_BOOL_CONVERSION = YES;
				CLANG_WARN_CONSTANT_CONVERSION = YES;
				CLANG_WARN_DIRECT_OBJC_ISA_USAGE = YES_ERROR;
				CLANG_WARN_ENUM_CONVERSION = YES;
				CLANG_WARN_INFINITE_RECURSION = YES;
				CLANG_WARN_INT_CONVERSION = YES;
				CLANG_WARN_NON_LITERAL_NULL_CONVERSION = YES;
				CLANG_WARN_OBJC_LITERAL_CONVERSION = YES;
				CLANG_WARN_OBJC_ROOT_CLASS = YES_ERROR;
				CLANG_WARN_RANGE_LOOP_ANALYSIS = YES;
				CLANG_WARN_STRICT_PROTOTYPES = YES;
				CLANG_WARN_SUSPICIOUS_MOVE = YES;
				CLANG_WARN_UNGUARDED_AVAILABILITY = YES_AGGRESSIVE;
				CLANG_WARN_UNREACHABLE_CODE = YES;
				CLANG_WARN__DUPLICATE_METHOD_MATCH = YES;
				COPY_PHASE_STRIP = NO;
				DEBUG_INFORMATION_FORMAT = "dwarf-with-dsym";
				ENABLE_NS_ASSERTIONS = NO;
				ENABLE_STRICT_OBJC_MSGSEND = YES;
				GCC_WARN_64_TO_32_BIT_CONVERSION = YES;
				GCC_WARN_ABOUT_RETURN_TYPE = YES_ERROR;
				GCC_WARN_UNDECLARED_SELECTOR = YES;
				GCC_WARN_UNINITIALIZED_AUTOS = YES_AGGRESSIVE;
				GCC_WARN_UNUSED_FUNCTION = YES;
				GCC_WARN_UNUSED_VARIABLE = YES;
				MTL_ENABLE_DEBUG_INFO = NO;
			};
			name = Release;
		};
		F71B88B91F43379000D4F3A4 /* Debug */ = {
			isa = XCBuildConfiguration;
			buildSettings = {
				CODE_SIGN_STYLE = Automatic;
				LIBRARY_SEARCH_PATHS = (
					"$(inherited)",
					/usr/local/Cellar/tbb/2017_U7/lib,
				);
				PRODUCT_NAME = "$(TARGET_NAME)";
			};
			name = Debug;
		};
		F71B88BA1F43379000D4F3A4 /* Release */ = {
			isa = XCBuildConfiguration;
			buildSettings = {
				CODE_SIGN_STYLE = Automatic;
				LIBRARY_SEARCH_PATHS = (
					"$(inherited)",
					/usr/local/Cellar/tbb/2017_U7/lib,
				);
				PRODUCT_NAME = "$(TARGET_NAME)";
			};
			name = Release;
		};
		F71B88D11F44890100D4F3A4 /* Debug */ = {
			isa = XCBuildConfiguration;
			buildSettings = {
				ALWAYS_SEARCH_USER_PATHS = NO;
				CLANG_ENABLE_MODULES = YES;
				CODE_SIGN_STYLE = Automatic;
				EXECUTABLE_PREFIX = lib;
				GCC_DYNAMIC_NO_PIC = NO;
				PRODUCT_NAME = "$(TARGET_NAME)";
			};
			name = Debug;
		};
		F71B88D21F44890100D4F3A4 /* Release */ = {
			isa = XCBuildConfiguration;
			buildSettings = {
				ALWAYS_SEARCH_USER_PATHS = NO;
				CLANG_ENABLE_MODULES = YES;
				CODE_SIGN_STYLE = Automatic;
				EXECUTABLE_PREFIX = lib;
				PRODUCT_NAME = "$(TARGET_NAME)";
			};
			name = Release;
		};
		F7BC88C11F4A495000968D42 /* Debug */ = {
			isa = XCBuildConfiguration;
			buildSettings = {
				CLANG_ENABLE_MODULES = YES;
				CODE_SIGN_STYLE = Automatic;
				EXECUTABLE_PREFIX = lib;
				GCC_DYNAMIC_NO_PIC = NO;
				GCC_NO_COMMON_BLOCKS = YES;
				PRODUCT_NAME = "$(TARGET_NAME)";
			};
			name = Debug;
		};
		F7BC88C21F4A495000968D42 /* Release */ = {
			isa = XCBuildConfiguration;
			buildSettings = {
				CLANG_ENABLE_MODULES = YES;
				CODE_SIGN_STYLE = Automatic;
				EXECUTABLE_PREFIX = lib;
				GCC_NO_COMMON_BLOCKS = YES;
				PRODUCT_NAME = "$(TARGET_NAME)";
			};
			name = Release;
		};
		F7BF50FD1F4D0EC40045DE27 /* Debug */ = {
			isa = XCBuildConfiguration;
			buildSettings = {
				ALWAYS_SEARCH_USER_PATHS = NO;
				CLANG_ENABLE_MODULES = YES;
				CODE_SIGN_STYLE = Automatic;
				GCC_DYNAMIC_NO_PIC = NO;
				LIBRARY_SEARCH_PATHS = (
					"$(inherited)",
					/usr/local/Cellar/sdl2_image/2.0.1_2/lib,
					/usr/local/Cellar/sdl2/2.0.5/lib,
					/usr/local/Cellar/tbb/2017_U7/lib,
				);
				PRODUCT_NAME = "$(TARGET_NAME)";
			};
			name = Debug;
		};
		F7BF50FE1F4D0EC40045DE27 /* Release */ = {
			isa = XCBuildConfiguration;
			buildSettings = {
				ALWAYS_SEARCH_USER_PATHS = NO;
				CLANG_ENABLE_MODULES = YES;
				CODE_SIGN_STYLE = Automatic;
				LIBRARY_SEARCH_PATHS = (
					"$(inherited)",
					/usr/local/Cellar/sdl2_image/2.0.1_2/lib,
					/usr/local/Cellar/sdl2/2.0.5/lib,
					/usr/local/Cellar/tbb/2017_U7/lib,
				);
				PRODUCT_NAME = "$(TARGET_NAME)";
			};
			name = Release;
		};
/* End XCBuildConfiguration section */

/* Begin XCConfigurationList section */
		F71B88AC1F43379000D4F3A4 /* Build configuration list for PBXProject "one" */ = {
			isa = XCConfigurationList;
			buildConfigurations = (
				F71B88B61F43379000D4F3A4 /* Debug */,
				F71B88B71F43379000D4F3A4 /* Release */,
			);
			defaultConfigurationIsVisible = 0;
			defaultConfigurationName = Release;
		};
		F71B88B81F43379000D4F3A4 /* Build configuration list for PBXNativeTarget "one" */ = {
			isa = XCConfigurationList;
			buildConfigurations = (
				F71B88B91F43379000D4F3A4 /* Debug */,
				F71B88BA1F43379000D4F3A4 /* Release */,
			);
			defaultConfigurationIsVisible = 0;
			defaultConfigurationName = Release;
		};
		F71B88D01F44890100D4F3A4 /* Build configuration list for PBXNativeTarget "geom" */ = {
			isa = XCConfigurationList;
			buildConfigurations = (
				F71B88D11F44890100D4F3A4 /* Debug */,
				F71B88D21F44890100D4F3A4 /* Release */,
			);
			defaultConfigurationIsVisible = 0;
			defaultConfigurationName = Release;
		};
		F7BC88C01F4A495000968D42 /* Build configuration list for PBXNativeTarget "render" */ = {
			isa = XCConfigurationList;
			buildConfigurations = (
				F7BC88C11F4A495000968D42 /* Debug */,
				F7BC88C21F4A495000968D42 /* Release */,
			);
			defaultConfigurationIsVisible = 0;
			defaultConfigurationName = Release;
		};
		F7BF50FC1F4D0EC40045DE27 /* Build configuration list for PBXNativeTarget "viewer" */ = {
			isa = XCConfigurationList;
			buildConfigurations = (
				F7BF50FD1F4D0EC40045DE27 /* Debug */,
				F7BF50FE1F4D0EC40045DE27 /* Release */,
			);
			defaultConfigurationIsVisible = 0;
			defaultConfigurationName = Release;
		};
/* End XCConfigurationList section */
	};
	rootObject = F71B88A91F43379000D4F3A4 /* Project object */;
}
