// !$*UTF8*$!
{
	archiveVersion = 1;
	classes = {
	};
	objectVersion = 48;
	objects = {

/* Begin PBXBuildFile section */
		F71B88B51F43379000D4F3A4 /* main.cpp in Sources */ = {isa = PBXBuildFile; fileRef = F71B88B41F43379000D4F3A4 /* main.cpp */; };
		F71B88C51F43CC2E00D4F3A4 /* libembree.2.16.4.dylib in Frameworks */ = {isa = PBXBuildFile; fileRef = F71B88C41F43CC2E00D4F3A4 /* libembree.2.16.4.dylib */; };
		F71B88D31F4489A800D4F3A4 /* Vec3.h in Headers */ = {isa = PBXBuildFile; fileRef = F71B88CA1F44883400D4F3A4 /* Vec3.h */; settings = {ATTRIBUTES = (Public, ); }; };
/* End PBXBuildFile section */

/* Begin PBXCopyFilesBuildPhase section */
		F71B88AF1F43379000D4F3A4 /* CopyFiles */ = {
			isa = PBXCopyFilesBuildPhase;
			buildActionMask = 2147483647;
			dstPath = /usr/share/man/man1/;
			dstSubfolderSpec = 0;
			files = (
			);
			runOnlyForDeploymentPostprocessing = 1;
		};
/* End PBXCopyFilesBuildPhase section */

/* Begin PBXFileReference section */
		F71B88B11F43379000D4F3A4 /* one */ = {isa = PBXFileReference; explicitFileType = "compiled.mach-o.executable"; includeInIndex = 0; path = one; sourceTree = BUILT_PRODUCTS_DIR; };
		F71B88B41F43379000D4F3A4 /* main.cpp */ = {isa = PBXFileReference; lastKnownFileType = sourcecode.cpp.cpp; path = main.cpp; sourceTree = "<group>"; };
		F71B88C41F43CC2E00D4F3A4 /* libembree.2.16.4.dylib */ = {isa = PBXFileReference; lastKnownFileType = "compiled.mach-o.dylib"; name = libembree.2.16.4.dylib; path = ../../../../opt/local/lib/libembree.2.16.4.dylib; sourceTree = "<group>"; };
		F71B88C71F43CCC800D4F3A4 /* Base.xcconfig */ = {isa = PBXFileReference; lastKnownFileType = text.xcconfig; path = Base.xcconfig; sourceTree = "<group>"; };
		F71B88CA1F44883400D4F3A4 /* Vec3.h */ = {isa = PBXFileReference; fileEncoding = 4; lastKnownFileType = sourcecode.c.h; path = Vec3.h; sourceTree = "<group>"; };
		F71B88CF1F44890100D4F3A4 /* libgeom.a */ = {isa = PBXFileReference; explicitFileType = archive.ar; includeInIndex = 0; path = libgeom.a; sourceTree = BUILT_PRODUCTS_DIR; };
/* End PBXFileReference section */

/* Begin PBXFrameworksBuildPhase section */
		F71B88AE1F43379000D4F3A4 /* Frameworks */ = {
			isa = PBXFrameworksBuildPhase;
			buildActionMask = 2147483647;
			files = (
				F71B88C51F43CC2E00D4F3A4 /* libembree.2.16.4.dylib in Frameworks */,
			);
			runOnlyForDeploymentPostprocessing = 0;
		};
		F71B88CC1F44890100D4F3A4 /* Frameworks */ = {
			isa = PBXFrameworksBuildPhase;
			buildActionMask = 2147483647;
			files = (
			);
			runOnlyForDeploymentPostprocessing = 0;
		};
/* End PBXFrameworksBuildPhase section */

/* Begin PBXGroup section */
		F71B88A81F43379000D4F3A4 = {
			isa = PBXGroup;
			children = (
				F71B88C91F4487DB00D4F3A4 /* geom */,
				F71B88C61F43CC9300D4F3A4 /* config */,
				F71B88B31F43379000D4F3A4 /* wrender */,
				F71B88B21F43379000D4F3A4 /* Products */,
				F71B88C31F43CC2D00D4F3A4 /* Frameworks */,
			);
			sourceTree = "<group>";
		};
		F71B88B21F43379000D4F3A4 /* Products */ = {
			isa = PBXGroup;
			children = (
				F71B88B11F43379000D4F3A4 /* one */,
				F71B88CF1F44890100D4F3A4 /* libgeom.a */,
			);
			name = Products;
			sourceTree = "<group>";
		};
		F71B88B31F43379000D4F3A4 /* wrender */ = {
			isa = PBXGroup;
			children = (
				F71B88B41F43379000D4F3A4 /* main.cpp */,
			);
			name = wrender;
			path = cmd/wrender;
			sourceTree = "<group>";
		};
		F71B88C31F43CC2D00D4F3A4 /* Frameworks */ = {
			isa = PBXGroup;
			children = (
				F71B88C41F43CC2E00D4F3A4 /* libembree.2.16.4.dylib */,
			);
			name = Frameworks;
			sourceTree = "<group>";
		};
		F71B88C61F43CC9300D4F3A4 /* config */ = {
			isa = PBXGroup;
			children = (
				F71B88C71F43CCC800D4F3A4 /* Base.xcconfig */,
			);
			path = config;
			sourceTree = "<group>";
		};
		F71B88C91F4487DB00D4F3A4 /* geom */ = {
			isa = PBXGroup;
			children = (
				F71B88CA1F44883400D4F3A4 /* Vec3.h */,
			);
			name = geom;
			path = lib/geom;
			sourceTree = "<group>";
		};
/* End PBXGroup section */

/* Begin PBXHeadersBuildPhase section */
		F71B88CD1F44890100D4F3A4 /* Headers */ = {
			isa = PBXHeadersBuildPhase;
			buildActionMask = 2147483647;
			files = (
				F71B88D31F4489A800D4F3A4 /* Vec3.h in Headers */,
			);
			runOnlyForDeploymentPostprocessing = 0;
		};
/* End PBXHeadersBuildPhase section */

/* Begin PBXNativeTarget section */
		F71B88B01F43379000D4F3A4 /* one */ = {
			isa = PBXNativeTarget;
			buildConfigurationList = F71B88B81F43379000D4F3A4 /* Build configuration list for PBXNativeTarget "one" */;
			buildPhases = (
				F71B88AD1F43379000D4F3A4 /* Sources */,
				F71B88AE1F43379000D4F3A4 /* Frameworks */,
				F71B88AF1F43379000D4F3A4 /* CopyFiles */,
			);
			buildRules = (
			);
			dependencies = (
			);
			name = one;
			productName = one;
			productReference = F71B88B11F43379000D4F3A4 /* one */;
			productType = "com.apple.product-type.tool";
		};
		F71B88CE1F44890100D4F3A4 /* geom */ = {
			isa = PBXNativeTarget;
			buildConfigurationList = F71B88D01F44890100D4F3A4 /* Build configuration list for PBXNativeTarget "geom" */;
			buildPhases = (
				F71B88CB1F44890100D4F3A4 /* Sources */,
				F71B88CC1F44890100D4F3A4 /* Frameworks */,
				F71B88CD1F44890100D4F3A4 /* Headers */,
			);
			buildRules = (
			);
			dependencies = (
			);
			name = geom;
			productName = geom;
			productReference = F71B88CF1F44890100D4F3A4 /* libgeom.a */;
			productType = "com.apple.product-type.library.static";
		};
/* End PBXNativeTarget section */

/* Begin PBXProject section */
		F71B88A91F43379000D4F3A4 /* Project object */ = {
			isa = PBXProject;
			attributes = {
				LastUpgradeCheck = 0900;
				ORGANIZATIONNAME = Undernones;
				TargetAttributes = {
					F71B88B01F43379000D4F3A4 = {
						CreatedOnToolsVersion = 9.0;
						ProvisioningStyle = Automatic;
					};
					F71B88CE1F44890100D4F3A4 = {
						CreatedOnToolsVersion = 9.0;
						ProvisioningStyle = Automatic;
					};
				};
			};
			buildConfigurationList = F71B88AC1F43379000D4F3A4 /* Build configuration list for PBXProject "one" */;
			compatibilityVersion = "Xcode 8.0";
			developmentRegion = en;
			hasScannedForEncodings = 0;
			knownRegions = (
				en,
			);
			mainGroup = F71B88A81F43379000D4F3A4;
			productRefGroup = F71B88B21F43379000D4F3A4 /* Products */;
			projectDirPath = "";
			projectRoot = "";
			targets = (
				F71B88B01F43379000D4F3A4 /* one */,
				F71B88CE1F44890100D4F3A4 /* geom */,
			);
		};
/* End PBXProject section */

/* Begin PBXSourcesBuildPhase section */
		F71B88AD1F43379000D4F3A4 /* Sources */ = {
			isa = PBXSourcesBuildPhase;
			buildActionMask = 2147483647;
			files = (
				F71B88B51F43379000D4F3A4 /* main.cpp in Sources */,
			);
			runOnlyForDeploymentPostprocessing = 0;
		};
		F71B88CB1F44890100D4F3A4 /* Sources */ = {
			isa = PBXSourcesBuildPhase;
			buildActionMask = 2147483647;
			files = (
			);
			runOnlyForDeploymentPostprocessing = 0;
		};
/* End PBXSourcesBuildPhase section */

/* Begin XCBuildConfiguration section */
		F71B88B61F43379000D4F3A4 /* Debug */ = {
			isa = XCBuildConfiguration;
			baseConfigurationReference = F71B88C71F43CCC800D4F3A4 /* Base.xcconfig */;
			buildSettings = {
				CLANG_ANALYZER_NONNULL = YES;
				CLANG_ANALYZER_NUMBER_OBJECT_CONVERSION = YES_AGGRESSIVE;
				CLANG_ENABLE_OBJC_ARC = YES;
				CLANG_WARN_BLOCK_CAPTURE_AUTORELEASING = YES;
				CLANG_WARN_BOOL_CONVERSION = YES;
				CLANG_WARN_COMMA = YES;
				CLANG_WARN_CONSTANT_CONVERSION = YES;
				CLANG_WARN_DIRECT_OBJC_ISA_USAGE = YES_ERROR;
				CLANG_WARN_DOCUMENTATION_COMMENTS = YES;
				CLANG_WARN_EMPTY_BODY = YES;
				CLANG_WARN_ENUM_CONVERSION = YES;
				CLANG_WARN_INFINITE_RECURSION = YES;
				CLANG_WARN_INT_CONVERSION = YES;
				CLANG_WARN_NON_LITERAL_NULL_CONVERSION = YES;
				CLANG_WARN_OBJC_LITERAL_CONVERSION = YES;
				CLANG_WARN_OBJC_ROOT_CLASS = YES_ERROR;
				CLANG_WARN_RANGE_LOOP_ANALYSIS = YES;
				CLANG_WARN_STRICT_PROTOTYPES = YES;
				CLANG_WARN_SUSPICIOUS_MOVE = YES;
				CLANG_WARN_UNGUARDED_AVAILABILITY = YES_AGGRESSIVE;
				CLANG_WARN_UNREACHABLE_CODE = YES;
				CLANG_WARN__DUPLICATE_METHOD_MATCH = YES;
				COPY_PHASE_STRIP = NO;
				DEBUG_INFORMATION_FORMAT = dwarf;
				ENABLE_STRICT_OBJC_MSGSEND = YES;
				ENABLE_TESTABILITY = YES;
				GCC_WARN_64_TO_32_BIT_CONVERSION = YES;
				GCC_WARN_ABOUT_RETURN_TYPE = YES_ERROR;
				GCC_WARN_UNDECLARED_SELECTOR = YES;
				GCC_WARN_UNINITIALIZED_AUTOS = YES_AGGRESSIVE;
				GCC_WARN_UNUSED_FUNCTION = YES;
				GCC_WARN_UNUSED_VARIABLE = YES;
				MACOSX_DEPLOYMENT_TARGET = 10.13;
				MTL_ENABLE_DEBUG_INFO = YES;
				ONLY_ACTIVE_ARCH = YES;
				SDKROOT = macosx;
			};
			name = Debug;
		};
		F71B88B71F43379000D4F3A4 /* Release */ = {
			isa = XCBuildConfiguration;
			baseConfigurationReference = F71B88C71F43CCC800D4F3A4 /* Base.xcconfig */;
			buildSettings = {
				CLANG_ANALYZER_NONNULL = YES;
				CLANG_ANALYZER_NUMBER_OBJECT_CONVERSION = YES_AGGRESSIVE;
				CLANG_ENABLE_OBJC_ARC = YES;
				CLANG_WARN_BLOCK_CAPTURE_AUTORELEASING = YES;
				CLANG_WARN_BOOL_CONVERSION = YES;
				CLANG_WARN_COMMA = YES;
				CLANG_WARN_CONSTANT_CONVERSION = YES;
				CLANG_WARN_DIRECT_OBJC_ISA_USAGE = YES_ERROR;
				CLANG_WARN_DOCUMENTATION_COMMENTS = YES;
				CLANG_WARN_EMPTY_BODY = YES;
				CLANG_WARN_ENUM_CONVERSION = YES;
				CLANG_WARN_INFINITE_RECURSION = YES;
				CLANG_WARN_INT_CONVERSION = YES;
				CLANG_WARN_NON_LITERAL_NULL_CONVERSION = YES;
				CLANG_WARN_OBJC_LITERAL_CONVERSION = YES;
				CLANG_WARN_OBJC_ROOT_CLASS = YES_ERROR;
				CLANG_WARN_RANGE_LOOP_ANALYSIS = YES;
				CLANG_WARN_STRICT_PROTOTYPES = YES;
				CLANG_WARN_SUSPICIOUS_MOVE = YES;
				CLANG_WARN_UNGUARDED_AVAILABILITY = YES_AGGRESSIVE;
				CLANG_WARN_UNREACHABLE_CODE = YES;
				CLANG_WARN__DUPLICATE_METHOD_MATCH = YES;
				COPY_PHASE_STRIP = NO;
				DEBUG_INFORMATION_FORMAT = "dwarf-with-dsym";
				ENABLE_NS_ASSERTIONS = NO;
				ENABLE_STRICT_OBJC_MSGSEND = YES;
				GCC_WARN_64_TO_32_BIT_CONVERSION = YES;
				GCC_WARN_ABOUT_RETURN_TYPE = YES_ERROR;
				GCC_WARN_UNDECLARED_SELECTOR = YES;
				GCC_WARN_UNINITIALIZED_AUTOS = YES_AGGRESSIVE;
				GCC_WARN_UNUSED_FUNCTION = YES;
				GCC_WARN_UNUSED_VARIABLE = YES;
				MACOSX_DEPLOYMENT_TARGET = 10.13;
				MTL_ENABLE_DEBUG_INFO = NO;
				SDKROOT = macosx;
			};
			name = Release;
		};
		F71B88B91F43379000D4F3A4 /* Debug */ = {
			isa = XCBuildConfiguration;
			buildSettings = {
				CODE_SIGN_STYLE = Automatic;
				PRODUCT_NAME = "$(TARGET_NAME)";
			};
			name = Debug;
		};
		F71B88BA1F43379000D4F3A4 /* Release */ = {
			isa = XCBuildConfiguration;
			buildSettings = {
				CODE_SIGN_STYLE = Automatic;
				PRODUCT_NAME = "$(TARGET_NAME)";
			};
			name = Release;
		};
		F71B88D11F44890100D4F3A4 /* Debug */ = {
			isa = XCBuildConfiguration;
			buildSettings = {
				ALWAYS_SEARCH_USER_PATHS = NO;
				CLANG_ENABLE_MODULES = YES;
				CODE_SIGN_STYLE = Automatic;
				EXECUTABLE_PREFIX = lib;
				GCC_DYNAMIC_NO_PIC = NO;
				PRODUCT_NAME = "$(TARGET_NAME)";
			};
			name = Debug;
		};
		F71B88D21F44890100D4F3A4 /* Release */ = {
			isa = XCBuildConfiguration;
			buildSettings = {
				ALWAYS_SEARCH_USER_PATHS = NO;
				CLANG_ENABLE_MODULES = YES;
				CODE_SIGN_STYLE = Automatic;
				EXECUTABLE_PREFIX = lib;
				PRODUCT_NAME = "$(TARGET_NAME)";
			};
			name = Release;
		};
/* End XCBuildConfiguration section */

/* Begin XCConfigurationList section */
		F71B88AC1F43379000D4F3A4 /* Build configuration list for PBXProject "one" */ = {
			isa = XCConfigurationList;
			buildConfigurations = (
				F71B88B61F43379000D4F3A4 /* Debug */,
				F71B88B71F43379000D4F3A4 /* Release */,
			);
			defaultConfigurationIsVisible = 0;
			defaultConfigurationName = Release;
		};
		F71B88B81F43379000D4F3A4 /* Build configuration list for PBXNativeTarget "one" */ = {
			isa = XCConfigurationList;
			buildConfigurations = (
				F71B88B91F43379000D4F3A4 /* Debug */,
				F71B88BA1F43379000D4F3A4 /* Release */,
			);
			defaultConfigurationIsVisible = 0;
			defaultConfigurationName = Release;
		};
		F71B88D01F44890100D4F3A4 /* Build configuration list for PBXNativeTarget "geom" */ = {
			isa = XCConfigurationList;
			buildConfigurations = (
				F71B88D11F44890100D4F3A4 /* Debug */,
				F71B88D21F44890100D4F3A4 /* Release */,
			);
			defaultConfigurationIsVisible = 0;
			defaultConfigurationName = Release;
		};
/* End XCConfigurationList section */
	};
	rootObject = F71B88A91F43379000D4F3A4 /* Project object */;
}
