// !$*UTF8*$!
{
	archiveVersion = 1;
	classes = {
	};
	objectVersion = 48;
	objects = {

/* Begin PBXBuildFile section */
		F7156F441F4BB6D200BA8FEE /* PixelView.m in Sources */ = {isa = PBXBuildFile; fileRef = F7156F431F4BB6D200BA8FEE /* PixelView.m */; };
		F7156F481F4BB82C00BA8FEE /* librender.a in Frameworks */ = {isa = PBXBuildFile; fileRef = F7BC88BF1F4A495000968D42 /* librender.a */; };
		F71B88B51F43379000D4F3A4 /* main.cpp in Sources */ = {isa = PBXBuildFile; fileRef = F71B88B41F43379000D4F3A4 /* main.cpp */; };
		F71B88C51F43CC2E00D4F3A4 /* libembree.2.16.4.dylib in Frameworks */ = {isa = PBXBuildFile; fileRef = F71B88C41F43CC2E00D4F3A4 /* libembree.2.16.4.dylib */; };
		F71B88D31F4489A800D4F3A4 /* Vec3.h in Headers */ = {isa = PBXBuildFile; fileRef = F71B88CA1F44883400D4F3A4 /* Vec3.h */; settings = {ATTRIBUTES = (Public, ); }; };
		F71B88D71F448A8100D4F3A4 /* Ray.h in Headers */ = {isa = PBXBuildFile; fileRef = F71B88D51F448A7D00D4F3A4 /* Ray.h */; settings = {ATTRIBUTES = (Public, ); }; };
		F71B88D81F448A8700D4F3A4 /* Ray.cpp in Sources */ = {isa = PBXBuildFile; fileRef = F71B88D41F448A7D00D4F3A4 /* Ray.cpp */; };
		F71B88DB1F448ED300D4F3A4 /* libgeom.a in Frameworks */ = {isa = PBXBuildFile; fileRef = F71B88CF1F44890100D4F3A4 /* libgeom.a */; };
		F7BC889D1F48FEF400968D42 /* Sphere.cpp in Sources */ = {isa = PBXBuildFile; fileRef = F7BC889B1F48FEF400968D42 /* Sphere.cpp */; };
		F7BC889E1F48FEF400968D42 /* Sphere.h in Headers */ = {isa = PBXBuildFile; fileRef = F7BC889C1F48FEF400968D42 /* Sphere.h */; settings = {ATTRIBUTES = (Public, ); }; };
		F7BC88A11F4902B500968D42 /* Hitable.cpp in Sources */ = {isa = PBXBuildFile; fileRef = F7BC889F1F4902B500968D42 /* Hitable.cpp */; };
		F7BC88A21F4902B500968D42 /* Hitable.h in Headers */ = {isa = PBXBuildFile; fileRef = F7BC88A01F4902B500968D42 /* Hitable.h */; settings = {ATTRIBUTES = (Public, ); }; };
		F7BC88AB1F4A471D00968D42 /* AppDelegate.m in Sources */ = {isa = PBXBuildFile; fileRef = F7BC88AA1F4A471D00968D42 /* AppDelegate.m */; };
		F7BC88AE1F4A471D00968D42 /* ViewController.mm in Sources */ = {isa = PBXBuildFile; fileRef = F7BC88AD1F4A471D00968D42 /* ViewController.mm */; };
		F7BC88B01F4A471D00968D42 /* Assets.xcassets in Resources */ = {isa = PBXBuildFile; fileRef = F7BC88AF1F4A471D00968D42 /* Assets.xcassets */; };
		F7BC88B31F4A471D00968D42 /* Main.storyboard in Resources */ = {isa = PBXBuildFile; fileRef = F7BC88B11F4A471D00968D42 /* Main.storyboard */; };
		F7BC88B61F4A471D00968D42 /* main.m in Sources */ = {isa = PBXBuildFile; fileRef = F7BC88B51F4A471D00968D42 /* main.m */; };
		F7BC88C61F4A49BA00968D42 /* Image.cpp in Sources */ = {isa = PBXBuildFile; fileRef = F7BC88C41F4A49BA00968D42 /* Image.cpp */; };
		F7BC88C71F4A49BA00968D42 /* Image.h in Headers */ = {isa = PBXBuildFile; fileRef = F7BC88C51F4A49BA00968D42 /* Image.h */; settings = {ATTRIBUTES = (Public, ); }; };
		F7BC88C81F4A4AB400968D42 /* libgeom.a in Frameworks */ = {isa = PBXBuildFile; fileRef = F71B88CF1F44890100D4F3A4 /* libgeom.a */; };
/* End PBXBuildFile section */

/* Begin PBXContainerItemProxy section */
		F7156F491F4BB83300BA8FEE /* PBXContainerItemProxy */ = {
			isa = PBXContainerItemProxy;
			containerPortal = F71B88A91F43379000D4F3A4 /* Project object */;
			proxyType = 1;
			remoteGlobalIDString = F7BC88BE1F4A495000968D42;
			remoteInfo = render;
		};
		F71B88D91F448E8200D4F3A4 /* PBXContainerItemProxy */ = {
			isa = PBXContainerItemProxy;
			containerPortal = F71B88A91F43379000D4F3A4 /* Project object */;
			proxyType = 1;
			remoteGlobalIDString = F71B88CE1F44890100D4F3A4;
			remoteInfo = geom;
		};
		F7BC88C91F4A4AD000968D42 /* PBXContainerItemProxy */ = {
			isa = PBXContainerItemProxy;
			containerPortal = F71B88A91F43379000D4F3A4 /* Project object */;
			proxyType = 1;
			remoteGlobalIDString = F71B88CE1F44890100D4F3A4;
			remoteInfo = geom;
		};
/* End PBXContainerItemProxy section */

/* Begin PBXCopyFilesBuildPhase section */
		F71B88AF1F43379000D4F3A4 /* CopyFiles */ = {
			isa = PBXCopyFilesBuildPhase;
			buildActionMask = 2147483647;
			dstPath = /usr/share/man/man1/;
			dstSubfolderSpec = 0;
			files = (
			);
			runOnlyForDeploymentPostprocessing = 1;
		};
/* End PBXCopyFilesBuildPhase section */

/* Begin PBXFileReference section */
		F7156F431F4BB6D200BA8FEE /* PixelView.m */ = {isa = PBXFileReference; lastKnownFileType = sourcecode.c.objc; path = PixelView.m; sourceTree = "<group>"; };
		F7156F461F4BB7A300BA8FEE /* ViewController.h */ = {isa = PBXFileReference; fileEncoding = 4; lastKnownFileType = sourcecode.c.h; path = ViewController.h; sourceTree = "<group>"; };
		F7156F471F4BB7BC00BA8FEE /* PixelView.h */ = {isa = PBXFileReference; fileEncoding = 4; lastKnownFileType = sourcecode.c.h; path = PixelView.h; sourceTree = "<group>"; };
		F71B88B11F43379000D4F3A4 /* one */ = {isa = PBXFileReference; explicitFileType = "compiled.mach-o.executable"; includeInIndex = 0; path = one; sourceTree = BUILT_PRODUCTS_DIR; };
		F71B88B41F43379000D4F3A4 /* main.cpp */ = {isa = PBXFileReference; lastKnownFileType = sourcecode.cpp.cpp; path = main.cpp; sourceTree = "<group>"; };
		F71B88C41F43CC2E00D4F3A4 /* libembree.2.16.4.dylib */ = {isa = PBXFileReference; lastKnownFileType = "compiled.mach-o.dylib"; name = libembree.2.16.4.dylib; path = ../../../../opt/local/lib/libembree.2.16.4.dylib; sourceTree = "<group>"; };
		F71B88C71F43CCC800D4F3A4 /* Base.xcconfig */ = {isa = PBXFileReference; lastKnownFileType = text.xcconfig; path = Base.xcconfig; sourceTree = "<group>"; };
		F71B88CA1F44883400D4F3A4 /* Vec3.h */ = {isa = PBXFileReference; fileEncoding = 4; lastKnownFileType = sourcecode.c.h; path = Vec3.h; sourceTree = "<group>"; };
		F71B88CF1F44890100D4F3A4 /* libgeom.a */ = {isa = PBXFileReference; explicitFileType = archive.ar; includeInIndex = 0; path = libgeom.a; sourceTree = BUILT_PRODUCTS_DIR; };
		F71B88D41F448A7D00D4F3A4 /* Ray.cpp */ = {isa = PBXFileReference; fileEncoding = 4; lastKnownFileType = sourcecode.cpp.cpp; path = Ray.cpp; sourceTree = "<group>"; };
		F71B88D51F448A7D00D4F3A4 /* Ray.h */ = {isa = PBXFileReference; fileEncoding = 4; lastKnownFileType = sourcecode.c.h; path = Ray.h; sourceTree = "<group>"; };
		F7BC889B1F48FEF400968D42 /* Sphere.cpp */ = {isa = PBXFileReference; lastKnownFileType = sourcecode.cpp.cpp; path = Sphere.cpp; sourceTree = "<group>"; };
		F7BC889C1F48FEF400968D42 /* Sphere.h */ = {isa = PBXFileReference; lastKnownFileType = sourcecode.c.h; path = Sphere.h; sourceTree = "<group>"; };
		F7BC889F1F4902B500968D42 /* Hitable.cpp */ = {isa = PBXFileReference; lastKnownFileType = sourcecode.cpp.cpp; path = Hitable.cpp; sourceTree = "<group>"; };
		F7BC88A01F4902B500968D42 /* Hitable.h */ = {isa = PBXFileReference; lastKnownFileType = sourcecode.c.h; path = Hitable.h; sourceTree = "<group>"; };
		F7BC88A71F4A471D00968D42 /* oneui.app */ = {isa = PBXFileReference; explicitFileType = wrapper.application; includeInIndex = 0; path = oneui.app; sourceTree = BUILT_PRODUCTS_DIR; };
		F7BC88A91F4A471D00968D42 /* AppDelegate.h */ = {isa = PBXFileReference; lastKnownFileType = sourcecode.c.h; path = AppDelegate.h; sourceTree = "<group>"; };
		F7BC88AA1F4A471D00968D42 /* AppDelegate.m */ = {isa = PBXFileReference; lastKnownFileType = sourcecode.c.objc; path = AppDelegate.m; sourceTree = "<group>"; };
		F7BC88AD1F4A471D00968D42 /* ViewController.mm */ = {isa = PBXFileReference; lastKnownFileType = sourcecode.cpp.objcpp; path = ViewController.mm; sourceTree = "<group>"; };
		F7BC88AF1F4A471D00968D42 /* Assets.xcassets */ = {isa = PBXFileReference; lastKnownFileType = folder.assetcatalog; path = Assets.xcassets; sourceTree = "<group>"; };
		F7BC88B21F4A471D00968D42 /* Base */ = {isa = PBXFileReference; lastKnownFileType = file.storyboard; name = Base; path = Base.lproj/Main.storyboard; sourceTree = "<group>"; };
		F7BC88B41F4A471D00968D42 /* Info.plist */ = {isa = PBXFileReference; lastKnownFileType = text.plist.xml; path = Info.plist; sourceTree = "<group>"; };
		F7BC88B51F4A471D00968D42 /* main.m */ = {isa = PBXFileReference; lastKnownFileType = sourcecode.c.objc; path = main.m; sourceTree = "<group>"; };
		F7BC88B71F4A471D00968D42 /* oneui.entitlements */ = {isa = PBXFileReference; lastKnownFileType = text.plist.entitlements; path = oneui.entitlements; sourceTree = "<group>"; };
		F7BC88BF1F4A495000968D42 /* librender.a */ = {isa = PBXFileReference; explicitFileType = archive.ar; includeInIndex = 0; path = librender.a; sourceTree = BUILT_PRODUCTS_DIR; };
		F7BC88C41F4A49BA00968D42 /* Image.cpp */ = {isa = PBXFileReference; lastKnownFileType = sourcecode.cpp.cpp; path = Image.cpp; sourceTree = "<group>"; };
		F7BC88C51F4A49BA00968D42 /* Image.h */ = {isa = PBXFileReference; lastKnownFileType = sourcecode.c.h; path = Image.h; sourceTree = "<group>"; };
/* End PBXFileReference section */

/* Begin PBXFrameworksBuildPhase section */
		F71B88AE1F43379000D4F3A4 /* Frameworks */ = {
			isa = PBXFrameworksBuildPhase;
			buildActionMask = 2147483647;
			files = (
				F71B88DB1F448ED300D4F3A4 /* libgeom.a in Frameworks */,
				F71B88C51F43CC2E00D4F3A4 /* libembree.2.16.4.dylib in Frameworks */,
			);
			runOnlyForDeploymentPostprocessing = 0;
		};
		F71B88CC1F44890100D4F3A4 /* Frameworks */ = {
			isa = PBXFrameworksBuildPhase;
			buildActionMask = 2147483647;
			files = (
			);
			runOnlyForDeploymentPostprocessing = 0;
		};
		F7BC88A41F4A471D00968D42 /* Frameworks */ = {
			isa = PBXFrameworksBuildPhase;
			buildActionMask = 2147483647;
			files = (
				F7156F481F4BB82C00BA8FEE /* librender.a in Frameworks */,
			);
			runOnlyForDeploymentPostprocessing = 0;
		};
		F7BC88BC1F4A495000968D42 /* Frameworks */ = {
			isa = PBXFrameworksBuildPhase;
			buildActionMask = 2147483647;
			files = (
				F7BC88C81F4A4AB400968D42 /* libgeom.a in Frameworks */,
			);
			runOnlyForDeploymentPostprocessing = 0;
		};
/* End PBXFrameworksBuildPhase section */

/* Begin PBXGroup section */
		F71B88A81F43379000D4F3A4 = {
			isa = PBXGroup;
			children = (
				F7BC88C31F4A498900968D42 /* render */,
				F71B88C91F4487DB00D4F3A4 /* geom */,
				F71B88C61F43CC9300D4F3A4 /* config */,
				F71B88B31F43379000D4F3A4 /* wrender */,
				F7BC88A81F4A471D00968D42 /* oneui */,
				F71B88B21F43379000D4F3A4 /* Products */,
				F71B88C31F43CC2D00D4F3A4 /* Frameworks */,
			);
			sourceTree = "<group>";
		};
		F71B88B21F43379000D4F3A4 /* Products */ = {
			isa = PBXGroup;
			children = (
				F71B88B11F43379000D4F3A4 /* one */,
				F71B88CF1F44890100D4F3A4 /* libgeom.a */,
				F7BC88A71F4A471D00968D42 /* oneui.app */,
				F7BC88BF1F4A495000968D42 /* librender.a */,
			);
			name = Products;
			sourceTree = "<group>";
		};
		F71B88B31F43379000D4F3A4 /* wrender */ = {
			isa = PBXGroup;
			children = (
				F71B88B41F43379000D4F3A4 /* main.cpp */,
			);
			name = wrender;
			path = cmd/wrender;
			sourceTree = "<group>";
		};
		F71B88C31F43CC2D00D4F3A4 /* Frameworks */ = {
			isa = PBXGroup;
			children = (
				F71B88C41F43CC2E00D4F3A4 /* libembree.2.16.4.dylib */,
			);
			name = Frameworks;
			sourceTree = "<group>";
		};
		F71B88C61F43CC9300D4F3A4 /* config */ = {
			isa = PBXGroup;
			children = (
				F71B88C71F43CCC800D4F3A4 /* Base.xcconfig */,
			);
			path = config;
			sourceTree = "<group>";
		};
		F71B88C91F4487DB00D4F3A4 /* geom */ = {
			isa = PBXGroup;
			children = (
				F7BC889F1F4902B500968D42 /* Hitable.cpp */,
				F7BC88A01F4902B500968D42 /* Hitable.h */,
				F71B88D41F448A7D00D4F3A4 /* Ray.cpp */,
				F71B88D51F448A7D00D4F3A4 /* Ray.h */,
				F7BC889B1F48FEF400968D42 /* Sphere.cpp */,
				F7BC889C1F48FEF400968D42 /* Sphere.h */,
				F71B88CA1F44883400D4F3A4 /* Vec3.h */,
			);
			name = geom;
			path = lib/geom;
			sourceTree = "<group>";
		};
		F7BC88A81F4A471D00968D42 /* oneui */ = {
			isa = PBXGroup;
			children = (
				F7BC88A91F4A471D00968D42 /* AppDelegate.h */,
				F7BC88AA1F4A471D00968D42 /* AppDelegate.m */,
				F7156F471F4BB7BC00BA8FEE /* PixelView.h */,
				F7156F431F4BB6D200BA8FEE /* PixelView.m */,
				F7156F461F4BB7A300BA8FEE /* ViewController.h */,
				F7BC88AD1F4A471D00968D42 /* ViewController.mm */,
				F7BC88AF1F4A471D00968D42 /* Assets.xcassets */,
				F7BC88B11F4A471D00968D42 /* Main.storyboard */,
				F7BC88B41F4A471D00968D42 /* Info.plist */,
				F7BC88B51F4A471D00968D42 /* main.m */,
				F7BC88B71F4A471D00968D42 /* oneui.entitlements */,
			);
			path = oneui;
			sourceTree = "<group>";
		};
		F7BC88C31F4A498900968D42 /* render */ = {
			isa = PBXGroup;
			children = (
				F7BC88C41F4A49BA00968D42 /* Image.cpp */,
				F7BC88C51F4A49BA00968D42 /* Image.h */,
			);
			name = render;
			path = lib/render;
			sourceTree = "<group>";
		};
/* End PBXGroup section */

/* Begin PBXHeadersBuildPhase section */
		F71B88CD1F44890100D4F3A4 /* Headers */ = {
			isa = PBXHeadersBuildPhase;
			buildActionMask = 2147483647;
			files = (
				F71B88D31F4489A800D4F3A4 /* Vec3.h in Headers */,
				F71B88D71F448A8100D4F3A4 /* Ray.h in Headers */,
				F7BC88A21F4902B500968D42 /* Hitable.h in Headers */,
				F7BC889E1F48FEF400968D42 /* Sphere.h in Headers */,
			);
			runOnlyForDeploymentPostprocessing = 0;
		};
		F7BC88BD1F4A495000968D42 /* Headers */ = {
			isa = PBXHeadersBuildPhase;
			buildActionMask = 2147483647;
			files = (
				F7BC88C71F4A49BA00968D42 /* Image.h in Headers */,
			);
			runOnlyForDeploymentPostprocessing = 0;
		};
/* End PBXHeadersBuildPhase section */

/* Begin PBXNativeTarget section */
		F71B88B01F43379000D4F3A4 /* one */ = {
			isa = PBXNativeTarget;
			buildConfigurationList = F71B88B81F43379000D4F3A4 /* Build configuration list for PBXNativeTarget "one" */;
			buildPhases = (
				F71B88AD1F43379000D4F3A4 /* Sources */,
				F71B88AE1F43379000D4F3A4 /* Frameworks */,
				F71B88AF1F43379000D4F3A4 /* CopyFiles */,
			);
			buildRules = (
			);
			dependencies = (
				F71B88DA1F448E8200D4F3A4 /* PBXTargetDependency */,
			);
			name = one;
			productName = one;
			productReference = F71B88B11F43379000D4F3A4 /* one */;
			productType = "com.apple.product-type.tool";
		};
		F71B88CE1F44890100D4F3A4 /* geom */ = {
			isa = PBXNativeTarget;
			buildConfigurationList = F71B88D01F44890100D4F3A4 /* Build configuration list for PBXNativeTarget "geom" */;
			buildPhases = (
				F71B88CB1F44890100D4F3A4 /* Sources */,
				F71B88CC1F44890100D4F3A4 /* Frameworks */,
				F71B88CD1F44890100D4F3A4 /* Headers */,
			);
			buildRules = (
			);
			dependencies = (
			);
			name = geom;
			productName = geom;
			productReference = F71B88CF1F44890100D4F3A4 /* libgeom.a */;
			productType = "com.apple.product-type.library.static";
		};
		F7BC88A61F4A471D00968D42 /* oneui */ = {
			isa = PBXNativeTarget;
			buildConfigurationList = F7BC88B81F4A471D00968D42 /* Build configuration list for PBXNativeTarget "oneui" */;
			buildPhases = (
				F7BC88A31F4A471D00968D42 /* Sources */,
				F7BC88A41F4A471D00968D42 /* Frameworks */,
				F7BC88A51F4A471D00968D42 /* Resources */,
			);
			buildRules = (
			);
			dependencies = (
				F7156F4A1F4BB83300BA8FEE /* PBXTargetDependency */,
			);
			name = oneui;
			productName = oneui;
			productReference = F7BC88A71F4A471D00968D42 /* oneui.app */;
			productType = "com.apple.product-type.application";
		};
		F7BC88BE1F4A495000968D42 /* render */ = {
			isa = PBXNativeTarget;
			buildConfigurationList = F7BC88C01F4A495000968D42 /* Build configuration list for PBXNativeTarget "render" */;
			buildPhases = (
				F7BC88BB1F4A495000968D42 /* Sources */,
				F7BC88BC1F4A495000968D42 /* Frameworks */,
				F7BC88BD1F4A495000968D42 /* Headers */,
			);
			buildRules = (
			);
			dependencies = (
				F7BC88CA1F4A4AD000968D42 /* PBXTargetDependency */,
			);
			name = render;
			productName = render;
			productReference = F7BC88BF1F4A495000968D42 /* librender.a */;
			productType = "com.apple.product-type.library.static";
		};
/* End PBXNativeTarget section */

/* Begin PBXProject section */
		F71B88A91F43379000D4F3A4 /* Project object */ = {
			isa = PBXProject;
			attributes = {
				LastUpgradeCheck = 0900;
				ORGANIZATIONNAME = Undernones;
				TargetAttributes = {
					F71B88B01F43379000D4F3A4 = {
						CreatedOnToolsVersion = 9.0;
						ProvisioningStyle = Automatic;
					};
					F71B88CE1F44890100D4F3A4 = {
						CreatedOnToolsVersion = 9.0;
						ProvisioningStyle = Automatic;
					};
					F7BC88A61F4A471D00968D42 = {
						CreatedOnToolsVersion = 9.0;
						ProvisioningStyle = Automatic;
					};
					F7BC88BE1F4A495000968D42 = {
						CreatedOnToolsVersion = 9.0;
						ProvisioningStyle = Automatic;
					};
				};
			};
			buildConfigurationList = F71B88AC1F43379000D4F3A4 /* Build configuration list for PBXProject "one" */;
			compatibilityVersion = "Xcode 8.0";
			developmentRegion = en;
			hasScannedForEncodings = 0;
			knownRegions = (
				en,
				Base,
			);
			mainGroup = F71B88A81F43379000D4F3A4;
			productRefGroup = F71B88B21F43379000D4F3A4 /* Products */;
			projectDirPath = "";
			projectRoot = "";
			targets = (
				F71B88B01F43379000D4F3A4 /* one */,
				F71B88CE1F44890100D4F3A4 /* geom */,
				F7BC88A61F4A471D00968D42 /* oneui */,
				F7BC88BE1F4A495000968D42 /* render */,
			);
		};
/* End PBXProject section */

/* Begin PBXResourcesBuildPhase section */
		F7BC88A51F4A471D00968D42 /* Resources */ = {
			isa = PBXResourcesBuildPhase;
			buildActionMask = 2147483647;
			files = (
				F7BC88B01F4A471D00968D42 /* Assets.xcassets in Resources */,
				F7BC88B31F4A471D00968D42 /* Main.storyboard in Resources */,
			);
			runOnlyForDeploymentPostprocessing = 0;
		};
/* End PBXResourcesBuildPhase section */

/* Begin PBXSourcesBuildPhase section */
		F71B88AD1F43379000D4F3A4 /* Sources */ = {
			isa = PBXSourcesBuildPhase;
			buildActionMask = 2147483647;
			files = (
				F71B88B51F43379000D4F3A4 /* main.cpp in Sources */,
			);
			runOnlyForDeploymentPostprocessing = 0;
		};
		F71B88CB1F44890100D4F3A4 /* Sources */ = {
			isa = PBXSourcesBuildPhase;
			buildActionMask = 2147483647;
			files = (
				F7BC88A11F4902B500968D42 /* Hitable.cpp in Sources */,
				F7BC889D1F48FEF400968D42 /* Sphere.cpp in Sources */,
				F71B88D81F448A8700D4F3A4 /* Ray.cpp in Sources */,
			);
			runOnlyForDeploymentPostprocessing = 0;
		};
		F7BC88A31F4A471D00968D42 /* Sources */ = {
			isa = PBXSourcesBuildPhase;
			buildActionMask = 2147483647;
			files = (
				F7BC88AE1F4A471D00968D42 /* ViewController.mm in Sources */,
				F7BC88B61F4A471D00968D42 /* main.m in Sources */,
				F7BC88AB1F4A471D00968D42 /* AppDelegate.m in Sources */,
				F7156F441F4BB6D200BA8FEE /* PixelView.m in Sources */,
			);
			runOnlyForDeploymentPostprocessing = 0;
		};
		F7BC88BB1F4A495000968D42 /* Sources */ = {
			isa = PBXSourcesBuildPhase;
			buildActionMask = 2147483647;
			files = (
				F7BC88C61F4A49BA00968D42 /* Image.cpp in Sources */,
			);
			runOnlyForDeploymentPostprocessing = 0;
		};
/* End PBXSourcesBuildPhase section */

/* Begin PBXTargetDependency section */
		F7156F4A1F4BB83300BA8FEE /* PBXTargetDependency */ = {
			isa = PBXTargetDependency;
			target = F7BC88BE1F4A495000968D42 /* render */;
			targetProxy = F7156F491F4BB83300BA8FEE /* PBXContainerItemProxy */;
		};
		F71B88DA1F448E8200D4F3A4 /* PBXTargetDependency */ = {
			isa = PBXTargetDependency;
			target = F71B88CE1F44890100D4F3A4 /* geom */;
			targetProxy = F71B88D91F448E8200D4F3A4 /* PBXContainerItemProxy */;
		};
		F7BC88CA1F4A4AD000968D42 /* PBXTargetDependency */ = {
			isa = PBXTargetDependency;
			target = F71B88CE1F44890100D4F3A4 /* geom */;
			targetProxy = F7BC88C91F4A4AD000968D42 /* PBXContainerItemProxy */;
		};
/* End PBXTargetDependency section */

/* Begin PBXVariantGroup section */
		F7BC88B11F4A471D00968D42 /* Main.storyboard */ = {
			isa = PBXVariantGroup;
			children = (
				F7BC88B21F4A471D00968D42 /* Base */,
			);
			name = Main.storyboard;
			sourceTree = "<group>";
		};
/* End PBXVariantGroup section */

/* Begin XCBuildConfiguration section */
		F71B88B61F43379000D4F3A4 /* Debug */ = {
			isa = XCBuildConfiguration;
			baseConfigurationReference = F71B88C71F43CCC800D4F3A4 /* Base.xcconfig */;
			buildSettings = {
				CLANG_ANALYZER_NONNULL = YES;
				CLANG_ANALYZER_NUMBER_OBJECT_CONVERSION = YES_AGGRESSIVE;
				CLANG_ENABLE_OBJC_ARC = YES;
				CLANG_WARN_BLOCK_CAPTURE_AUTORELEASING = YES;
				CLANG_WARN_BOOL_CONVERSION = YES;
				CLANG_WARN_COMMA = YES;
				CLANG_WARN_CONSTANT_CONVERSION = YES;
				CLANG_WARN_DIRECT_OBJC_ISA_USAGE = YES_ERROR;
				CLANG_WARN_DOCUMENTATION_COMMENTS = YES;
				CLANG_WARN_EMPTY_BODY = YES;
				CLANG_WARN_ENUM_CONVERSION = YES;
				CLANG_WARN_INFINITE_RECURSION = YES;
				CLANG_WARN_INT_CONVERSION = YES;
				CLANG_WARN_NON_LITERAL_NULL_CONVERSION = YES;
				CLANG_WARN_OBJC_LITERAL_CONVERSION = YES;
				CLANG_WARN_OBJC_ROOT_CLASS = YES_ERROR;
				CLANG_WARN_RANGE_LOOP_ANALYSIS = YES;
				CLANG_WARN_STRICT_PROTOTYPES = YES;
				CLANG_WARN_SUSPICIOUS_MOVE = YES;
				CLANG_WARN_UNGUARDED_AVAILABILITY = YES_AGGRESSIVE;
				CLANG_WARN_UNREACHABLE_CODE = YES;
				CLANG_WARN__DUPLICATE_METHOD_MATCH = YES;
				COPY_PHASE_STRIP = NO;
				DEBUG_INFORMATION_FORMAT = dwarf;
				ENABLE_STRICT_OBJC_MSGSEND = YES;
				ENABLE_TESTABILITY = YES;
				GCC_WARN_64_TO_32_BIT_CONVERSION = YES;
				GCC_WARN_ABOUT_RETURN_TYPE = YES_ERROR;
				GCC_WARN_UNDECLARED_SELECTOR = YES;
				GCC_WARN_UNINITIALIZED_AUTOS = YES_AGGRESSIVE;
				GCC_WARN_UNUSED_FUNCTION = YES;
				GCC_WARN_UNUSED_VARIABLE = YES;
				MTL_ENABLE_DEBUG_INFO = YES;
				ONLY_ACTIVE_ARCH = YES;
			};
			name = Debug;
		};
		F71B88B71F43379000D4F3A4 /* Release */ = {
			isa = XCBuildConfiguration;
			baseConfigurationReference = F71B88C71F43CCC800D4F3A4 /* Base.xcconfig */;
			buildSettings = {
				CLANG_ANALYZER_NONNULL = YES;
				CLANG_ANALYZER_NUMBER_OBJECT_CONVERSION = YES_AGGRESSIVE;
				CLANG_ENABLE_OBJC_ARC = YES;
				CLANG_WARN_BLOCK_CAPTURE_AUTORELEASING = YES;
				CLANG_WARN_BOOL_CONVERSION = YES;
				CLANG_WARN_COMMA = YES;
				CLANG_WARN_CONSTANT_CONVERSION = YES;
				CLANG_WARN_DIRECT_OBJC_ISA_USAGE = YES_ERROR;
				CLANG_WARN_DOCUMENTATION_COMMENTS = YES;
				CLANG_WARN_EMPTY_BODY = YES;
				CLANG_WARN_ENUM_CONVERSION = YES;
				CLANG_WARN_INFINITE_RECURSION = YES;
				CLANG_WARN_INT_CONVERSION = YES;
				CLANG_WARN_NON_LITERAL_NULL_CONVERSION = YES;
				CLANG_WARN_OBJC_LITERAL_CONVERSION = YES;
				CLANG_WARN_OBJC_ROOT_CLASS = YES_ERROR;
				CLANG_WARN_RANGE_LOOP_ANALYSIS = YES;
				CLANG_WARN_STRICT_PROTOTYPES = YES;
				CLANG_WARN_SUSPICIOUS_MOVE = YES;
				CLANG_WARN_UNGUARDED_AVAILABILITY = YES_AGGRESSIVE;
				CLANG_WARN_UNREACHABLE_CODE = YES;
				CLANG_WARN__DUPLICATE_METHOD_MATCH = YES;
				COPY_PHASE_STRIP = NO;
				DEBUG_INFORMATION_FORMAT = "dwarf-with-dsym";
				ENABLE_NS_ASSERTIONS = NO;
				ENABLE_STRICT_OBJC_MSGSEND = YES;
				GCC_WARN_64_TO_32_BIT_CONVERSION = YES;
				GCC_WARN_ABOUT_RETURN_TYPE = YES_ERROR;
				GCC_WARN_UNDECLARED_SELECTOR = YES;
				GCC_WARN_UNINITIALIZED_AUTOS = YES_AGGRESSIVE;
				GCC_WARN_UNUSED_FUNCTION = YES;
				GCC_WARN_UNUSED_VARIABLE = YES;
				MTL_ENABLE_DEBUG_INFO = NO;
			};
			name = Release;
		};
		F71B88B91F43379000D4F3A4 /* Debug */ = {
			isa = XCBuildConfiguration;
			buildSettings = {
				CODE_SIGN_STYLE = Automatic;
				PRODUCT_NAME = "$(TARGET_NAME)";
			};
			name = Debug;
		};
		F71B88BA1F43379000D4F3A4 /* Release */ = {
			isa = XCBuildConfiguration;
			buildSettings = {
				CODE_SIGN_STYLE = Automatic;
				PRODUCT_NAME = "$(TARGET_NAME)";
			};
			name = Release;
		};
		F71B88D11F44890100D4F3A4 /* Debug */ = {
			isa = XCBuildConfiguration;
			buildSettings = {
				ALWAYS_SEARCH_USER_PATHS = NO;
				CLANG_ENABLE_MODULES = YES;
				CODE_SIGN_STYLE = Automatic;
				EXECUTABLE_PREFIX = lib;
				GCC_DYNAMIC_NO_PIC = NO;
				PRODUCT_NAME = "$(TARGET_NAME)";
			};
			name = Debug;
		};
		F71B88D21F44890100D4F3A4 /* Release */ = {
			isa = XCBuildConfiguration;
			buildSettings = {
				ALWAYS_SEARCH_USER_PATHS = NO;
				CLANG_ENABLE_MODULES = YES;
				CODE_SIGN_STYLE = Automatic;
				EXECUTABLE_PREFIX = lib;
				PRODUCT_NAME = "$(TARGET_NAME)";
			};
			name = Release;
		};
		F7BC88B91F4A471D00968D42 /* Debug */ = {
			isa = XCBuildConfiguration;
			buildSettings = {
				ALWAYS_SEARCH_USER_PATHS = NO;
				ASSETCATALOG_COMPILER_APPICON_NAME = AppIcon;
				CLANG_CXX_LANGUAGE_STANDARD = "gnu++14";
				CLANG_CXX_LIBRARY = "libc++";
				CLANG_ENABLE_MODULES = YES;
				CODE_SIGN_ENTITLEMENTS = oneui/oneui.entitlements;
				CODE_SIGN_IDENTITY = "-";
				CODE_SIGN_STYLE = Automatic;
				COMBINE_HIDPI_IMAGES = YES;
				GCC_C_LANGUAGE_STANDARD = gnu11;
				GCC_DYNAMIC_NO_PIC = NO;
				GCC_NO_COMMON_BLOCKS = YES;
				GCC_OPTIMIZATION_LEVEL = 0;
				GCC_PREPROCESSOR_DEFINITIONS = (
					"DEBUG=1",
					"$(inherited)",
				);
				INFOPLIST_FILE = oneui/Info.plist;
				LD_RUNPATH_SEARCH_PATHS = "$(inherited) @executable_path/../Frameworks";
				PRODUCT_BUNDLE_IDENTIFIER = com.undernones.oneui;
				PRODUCT_NAME = "$(TARGET_NAME)";
			};
			name = Debug;
		};
		F7BC88BA1F4A471D00968D42 /* Release */ = {
			isa = XCBuildConfiguration;
			buildSettings = {
				ALWAYS_SEARCH_USER_PATHS = NO;
				ASSETCATALOG_COMPILER_APPICON_NAME = AppIcon;
				CLANG_CXX_LANGUAGE_STANDARD = "gnu++14";
				CLANG_CXX_LIBRARY = "libc++";
				CLANG_ENABLE_MODULES = YES;
				CODE_SIGN_ENTITLEMENTS = oneui/oneui.entitlements;
				CODE_SIGN_IDENTITY = "-";
				CODE_SIGN_STYLE = Automatic;
				COMBINE_HIDPI_IMAGES = YES;
				GCC_C_LANGUAGE_STANDARD = gnu11;
				GCC_NO_COMMON_BLOCKS = YES;
				INFOPLIST_FILE = oneui/Info.plist;
				LD_RUNPATH_SEARCH_PATHS = "$(inherited) @executable_path/../Frameworks";
				PRODUCT_BUNDLE_IDENTIFIER = com.undernones.oneui;
				PRODUCT_NAME = "$(TARGET_NAME)";
			};
			name = Release;
		};
		F7BC88C11F4A495000968D42 /* Debug */ = {
			isa = XCBuildConfiguration;
			buildSettings = {
				CLANG_ENABLE_MODULES = YES;
				CODE_SIGN_STYLE = Automatic;
				EXECUTABLE_PREFIX = lib;
				GCC_DYNAMIC_NO_PIC = NO;
				GCC_NO_COMMON_BLOCKS = YES;
				GCC_OPTIMIZATION_LEVEL = 0;
				PRODUCT_NAME = "$(TARGET_NAME)";
			};
			name = Debug;
		};
		F7BC88C21F4A495000968D42 /* Release */ = {
			isa = XCBuildConfiguration;
			buildSettings = {
				CLANG_ENABLE_MODULES = YES;
				CODE_SIGN_STYLE = Automatic;
				EXECUTABLE_PREFIX = lib;
				GCC_NO_COMMON_BLOCKS = YES;
				PRODUCT_NAME = "$(TARGET_NAME)";
			};
			name = Release;
		};
/* End XCBuildConfiguration section */

/* Begin XCConfigurationList section */
		F71B88AC1F43379000D4F3A4 /* Build configuration list for PBXProject "one" */ = {
			isa = XCConfigurationList;
			buildConfigurations = (
				F71B88B61F43379000D4F3A4 /* Debug */,
				F71B88B71F43379000D4F3A4 /* Release */,
			);
			defaultConfigurationIsVisible = 0;
			defaultConfigurationName = Release;
		};
		F71B88B81F43379000D4F3A4 /* Build configuration list for PBXNativeTarget "one" */ = {
			isa = XCConfigurationList;
			buildConfigurations = (
				F71B88B91F43379000D4F3A4 /* Debug */,
				F71B88BA1F43379000D4F3A4 /* Release */,
			);
			defaultConfigurationIsVisible = 0;
			defaultConfigurationName = Release;
		};
		F71B88D01F44890100D4F3A4 /* Build configuration list for PBXNativeTarget "geom" */ = {
			isa = XCConfigurationList;
			buildConfigurations = (
				F71B88D11F44890100D4F3A4 /* Debug */,
				F71B88D21F44890100D4F3A4 /* Release */,
			);
			defaultConfigurationIsVisible = 0;
			defaultConfigurationName = Release;
		};
		F7BC88B81F4A471D00968D42 /* Build configuration list for PBXNativeTarget "oneui" */ = {
			isa = XCConfigurationList;
			buildConfigurations = (
				F7BC88B91F4A471D00968D42 /* Debug */,
				F7BC88BA1F4A471D00968D42 /* Release */,
			);
			defaultConfigurationIsVisible = 0;
			defaultConfigurationName = Release;
		};
		F7BC88C01F4A495000968D42 /* Build configuration list for PBXNativeTarget "render" */ = {
			isa = XCConfigurationList;
			buildConfigurations = (
				F7BC88C11F4A495000968D42 /* Debug */,
				F7BC88C21F4A495000968D42 /* Release */,
			);
			defaultConfigurationIsVisible = 0;
			defaultConfigurationName = Release;
		};
/* End XCConfigurationList section */
	};
	rootObject = F71B88A91F43379000D4F3A4 /* Project object */;
}
